// !$*UTF8*$!
{
	archiveVersion = 1;
	classes = {
	};
	objectVersion = 56;
	objects = {

/* Begin PBXBuildFile section */
		49984E75299AA05F0064DD0F /* PokedexApp.swift in Sources */ = {isa = PBXBuildFile; fileRef = 49984E74299AA05F0064DD0F /* PokedexApp.swift */; };
		49984E86299AA0600064DD0F /* PokedexTests.swift in Sources */ = {isa = PBXBuildFile; fileRef = 49984E85299AA0600064DD0F /* PokedexTests.swift */; };
		49984EA4299AA4BE0064DD0F /* Apollo in Frameworks */ = {isa = PBXBuildFile; productRef = 49984EA3299AA4BE0064DD0F /* Apollo */; };
		49984EA7299AA5B90064DD0F /* Apollo.swift in Sources */ = {isa = PBXBuildFile; fileRef = 49984EA6299AA5B90064DD0F /* Apollo.swift */; };
		49984EBB299AA8C20064DD0F /* ViewExtensions.swift in Sources */ = {isa = PBXBuildFile; fileRef = 49984EAB299AA8C20064DD0F /* ViewExtensions.swift */; };
		49984EBC299AA8C20064DD0F /* NumberDataTypeExtensions.swift in Sources */ = {isa = PBXBuildFile; fileRef = 49984EAC299AA8C20064DD0F /* NumberDataTypeExtensions.swift */; };
		49984EBD299AA8C20064DD0F /* UIColor+Luminosity.swift in Sources */ = {isa = PBXBuildFile; fileRef = 49984EAD299AA8C20064DD0F /* UIColor+Luminosity.swift */; };
		49984EBE299AA8C20064DD0F /* CommonMath.swift in Sources */ = {isa = PBXBuildFile; fileRef = 49984EAE299AA8C20064DD0F /* CommonMath.swift */; };
		49984EBF299AA8C20064DD0F /* UIImage+Extension.swift in Sources */ = {isa = PBXBuildFile; fileRef = 49984EAF299AA8C20064DD0F /* UIImage+Extension.swift */; };
		49984EC0299AA8C20064DD0F /* Bool+Extensions.swift in Sources */ = {isa = PBXBuildFile; fileRef = 49984EB0299AA8C20064DD0F /* Bool+Extensions.swift */; };
		49984EC1299AA8C20064DD0F /* UIApplicationExtension.swift in Sources */ = {isa = PBXBuildFile; fileRef = 49984EB1299AA8C20064DD0F /* UIApplicationExtension.swift */; };
		49984EC2299AA8C20064DD0F /* StringExtensions.swift in Sources */ = {isa = PBXBuildFile; fileRef = 49984EB2299AA8C20064DD0F /* StringExtensions.swift */; };
		49984EC3299AA8C20064DD0F /* SwiftUIAnimationTransitions.swift in Sources */ = {isa = PBXBuildFile; fileRef = 49984EB3299AA8C20064DD0F /* SwiftUIAnimationTransitions.swift */; };
		49984EC4299AA8C20064DD0F /* Optional+Extensions.swift in Sources */ = {isa = PBXBuildFile; fileRef = 49984EB4299AA8C20064DD0F /* Optional+Extensions.swift */; };
		49984EC5299AA8C20064DD0F /* URL+String+Extensions.swift in Sources */ = {isa = PBXBuildFile; fileRef = 49984EB5299AA8C20064DD0F /* URL+String+Extensions.swift */; };
		49984EC6299AA8C20064DD0F /* UINavigationBar.swift in Sources */ = {isa = PBXBuildFile; fileRef = 49984EB6299AA8C20064DD0F /* UINavigationBar.swift */; };
		49984EC7299AA8C20064DD0F /* Dictionary+Extensions.swift in Sources */ = {isa = PBXBuildFile; fileRef = 49984EB7299AA8C20064DD0F /* Dictionary+Extensions.swift */; };
		49984EC8299AA8C20064DD0F /* Path+QuadCurve+Extensions.swift in Sources */ = {isa = PBXBuildFile; fileRef = 49984EB8299AA8C20064DD0F /* Path+QuadCurve+Extensions.swift */; };
		49984EC9299AA8C20064DD0F /* Array+Tuple+Extensions.swift in Sources */ = {isa = PBXBuildFile; fileRef = 49984EB9299AA8C20064DD0F /* Array+Tuple+Extensions.swift */; };
		49984ECD299AAA960064DD0F /* ErrorCodeDispatcherProtocol.swift in Sources */ = {isa = PBXBuildFile; fileRef = 49984ECB299AAA960064DD0F /* ErrorCodeDispatcherProtocol.swift */; };
		49984ECE299AAA960064DD0F /* ErrorCodeDispatcher.swift in Sources */ = {isa = PBXBuildFile; fileRef = 49984ECC299AAA960064DD0F /* ErrorCodeDispatcher.swift */; };
		49984ED7299AAE2E0064DD0F /* Queries.graphql in Resources */ = {isa = PBXBuildFile; fileRef = 49984ED6299AAE2E0064DD0F /* Queries.graphql */; };
		49984EDD299AC0540064DD0F /* PokemonSchema.graphqls in Resources */ = {isa = PBXBuildFile; fileRef = 49984EDC299AC0540064DD0F /* PokemonSchema.graphqls */; };
		49984EE9299AC1480064DD0F /* PokemonSchema.graphql.swift in Sources */ = {isa = PBXBuildFile; fileRef = 49984EDF299AC1480064DD0F /* PokemonSchema.graphql.swift */; };
		49984EEA299AC1480064DD0F /* SamplePokeAPIqueryQuery.graphql.swift in Sources */ = {isa = PBXBuildFile; fileRef = 49984EE2299AC1480064DD0F /* SamplePokeAPIqueryQuery.graphql.swift */; };
		49984EEB299AC1480064DD0F /* Query_root.graphql.swift in Sources */ = {isa = PBXBuildFile; fileRef = 49984EE5299AC1480064DD0F /* Query_root.graphql.swift */; };
		49984EEC299AC1480064DD0F /* Pokemon_v2_pokemonspecies.graphql.swift in Sources */ = {isa = PBXBuildFile; fileRef = 49984EE6299AC1480064DD0F /* Pokemon_v2_pokemonspecies.graphql.swift */; };
		49984EED299AC1480064DD0F /* SchemaConfiguration.swift in Sources */ = {isa = PBXBuildFile; fileRef = 49984EE7299AC1480064DD0F /* SchemaConfiguration.swift */; };
		49984EEE299AC1480064DD0F /* SchemaMetadata.graphql.swift in Sources */ = {isa = PBXBuildFile; fileRef = 49984EE8299AC1480064DD0F /* SchemaMetadata.graphql.swift */; };
/* End PBXBuildFile section */

/* Begin PBXContainerItemProxy section */
		49984E82299AA0600064DD0F /* PBXContainerItemProxy */ = {
			isa = PBXContainerItemProxy;
			containerPortal = 49984E69299AA05F0064DD0F /* Project object */;
			proxyType = 1;
			remoteGlobalIDString = 49984E70299AA05F0064DD0F;
			remoteInfo = Pokedex;
		};
		49984E8C299AA0600064DD0F /* PBXContainerItemProxy */ = {
			isa = PBXContainerItemProxy;
			containerPortal = 49984E69299AA05F0064DD0F /* Project object */;
			proxyType = 1;
			remoteGlobalIDString = 49984E70299AA05F0064DD0F;
			remoteInfo = Pokedex;
		};
/* End PBXContainerItemProxy section */

/* Begin PBXFileReference section */
		49984E71299AA05F0064DD0F /* Pokedex.app */ = {isa = PBXFileReference; explicitFileType = wrapper.application; includeInIndex = 0; path = Pokedex.app; sourceTree = BUILT_PRODUCTS_DIR; };
		49984E74299AA05F0064DD0F /* PokedexApp.swift */ = {isa = PBXFileReference; lastKnownFileType = sourcecode.swift; path = PokedexApp.swift; sourceTree = "<group>"; };
		49984E81299AA0600064DD0F /* PokedexTests.xctest */ = {isa = PBXFileReference; explicitFileType = wrapper.cfbundle; includeInIndex = 0; path = PokedexTests.xctest; sourceTree = BUILT_PRODUCTS_DIR; };
		49984E85299AA0600064DD0F /* PokedexTests.swift */ = {isa = PBXFileReference; lastKnownFileType = sourcecode.swift; path = PokedexTests.swift; sourceTree = "<group>"; };
		49984E8B299AA0600064DD0F /* PokedexUITests.xctest */ = {isa = PBXFileReference; explicitFileType = wrapper.cfbundle; includeInIndex = 0; path = PokedexUITests.xctest; sourceTree = BUILT_PRODUCTS_DIR; };
		49984EA6299AA5B90064DD0F /* Apollo.swift */ = {isa = PBXFileReference; lastKnownFileType = sourcecode.swift; path = Apollo.swift; sourceTree = "<group>"; };
		49984EAB299AA8C20064DD0F /* ViewExtensions.swift */ = {isa = PBXFileReference; fileEncoding = 4; lastKnownFileType = sourcecode.swift; path = ViewExtensions.swift; sourceTree = "<group>"; };
		49984EAC299AA8C20064DD0F /* NumberDataTypeExtensions.swift */ = {isa = PBXFileReference; fileEncoding = 4; lastKnownFileType = sourcecode.swift; path = NumberDataTypeExtensions.swift; sourceTree = "<group>"; };
		49984EAD299AA8C20064DD0F /* UIColor+Luminosity.swift */ = {isa = PBXFileReference; fileEncoding = 4; lastKnownFileType = sourcecode.swift; path = "UIColor+Luminosity.swift"; sourceTree = "<group>"; };
		49984EAE299AA8C20064DD0F /* CommonMath.swift */ = {isa = PBXFileReference; fileEncoding = 4; lastKnownFileType = sourcecode.swift; path = CommonMath.swift; sourceTree = "<group>"; };
		49984EAF299AA8C20064DD0F /* UIImage+Extension.swift */ = {isa = PBXFileReference; fileEncoding = 4; lastKnownFileType = sourcecode.swift; path = "UIImage+Extension.swift"; sourceTree = "<group>"; };
		49984EB0299AA8C20064DD0F /* Bool+Extensions.swift */ = {isa = PBXFileReference; fileEncoding = 4; lastKnownFileType = sourcecode.swift; path = "Bool+Extensions.swift"; sourceTree = "<group>"; };
		49984EB1299AA8C20064DD0F /* UIApplicationExtension.swift */ = {isa = PBXFileReference; fileEncoding = 4; lastKnownFileType = sourcecode.swift; path = UIApplicationExtension.swift; sourceTree = "<group>"; };
		49984EB2299AA8C20064DD0F /* StringExtensions.swift */ = {isa = PBXFileReference; fileEncoding = 4; lastKnownFileType = sourcecode.swift; path = StringExtensions.swift; sourceTree = "<group>"; };
		49984EB3299AA8C20064DD0F /* SwiftUIAnimationTransitions.swift */ = {isa = PBXFileReference; fileEncoding = 4; lastKnownFileType = sourcecode.swift; path = SwiftUIAnimationTransitions.swift; sourceTree = "<group>"; };
		49984EB4299AA8C20064DD0F /* Optional+Extensions.swift */ = {isa = PBXFileReference; fileEncoding = 4; lastKnownFileType = sourcecode.swift; path = "Optional+Extensions.swift"; sourceTree = "<group>"; };
		49984EB5299AA8C20064DD0F /* URL+String+Extensions.swift */ = {isa = PBXFileReference; fileEncoding = 4; lastKnownFileType = sourcecode.swift; path = "URL+String+Extensions.swift"; sourceTree = "<group>"; };
		49984EB6299AA8C20064DD0F /* UINavigationBar.swift */ = {isa = PBXFileReference; fileEncoding = 4; lastKnownFileType = sourcecode.swift; path = UINavigationBar.swift; sourceTree = "<group>"; };
		49984EB7299AA8C20064DD0F /* Dictionary+Extensions.swift */ = {isa = PBXFileReference; fileEncoding = 4; lastKnownFileType = sourcecode.swift; path = "Dictionary+Extensions.swift"; sourceTree = "<group>"; };
		49984EB8299AA8C20064DD0F /* Path+QuadCurve+Extensions.swift */ = {isa = PBXFileReference; fileEncoding = 4; lastKnownFileType = sourcecode.swift; path = "Path+QuadCurve+Extensions.swift"; sourceTree = "<group>"; };
		49984EB9299AA8C20064DD0F /* Array+Tuple+Extensions.swift */ = {isa = PBXFileReference; fileEncoding = 4; lastKnownFileType = sourcecode.swift; path = "Array+Tuple+Extensions.swift"; sourceTree = "<group>"; };
		49984ECB299AAA960064DD0F /* ErrorCodeDispatcherProtocol.swift */ = {isa = PBXFileReference; fileEncoding = 4; lastKnownFileType = sourcecode.swift; path = ErrorCodeDispatcherProtocol.swift; sourceTree = "<group>"; };
		49984ECC299AAA960064DD0F /* ErrorCodeDispatcher.swift */ = {isa = PBXFileReference; fileEncoding = 4; lastKnownFileType = sourcecode.swift; path = ErrorCodeDispatcher.swift; sourceTree = "<group>"; };
		49984ED6299AAE2E0064DD0F /* Queries.graphql */ = {isa = PBXFileReference; lastKnownFileType = text; path = Queries.graphql; sourceTree = "<group>"; };
		49984EDC299AC0540064DD0F /* PokemonSchema.graphqls */ = {isa = PBXFileReference; fileEncoding = 4; lastKnownFileType = text; path = PokemonSchema.graphqls; sourceTree = "<group>"; };
		49984EDF299AC1480064DD0F /* PokemonSchema.graphql.swift */ = {isa = PBXFileReference; fileEncoding = 4; lastKnownFileType = sourcecode.swift; path = PokemonSchema.graphql.swift; sourceTree = "<group>"; };
		49984EE2299AC1480064DD0F /* SamplePokeAPIqueryQuery.graphql.swift */ = {isa = PBXFileReference; fileEncoding = 4; lastKnownFileType = sourcecode.swift; path = SamplePokeAPIqueryQuery.graphql.swift; sourceTree = "<group>"; };
		49984EE5299AC1480064DD0F /* Query_root.graphql.swift */ = {isa = PBXFileReference; fileEncoding = 4; lastKnownFileType = sourcecode.swift; path = Query_root.graphql.swift; sourceTree = "<group>"; };
		49984EE6299AC1480064DD0F /* Pokemon_v2_pokemonspecies.graphql.swift */ = {isa = PBXFileReference; fileEncoding = 4; lastKnownFileType = sourcecode.swift; path = Pokemon_v2_pokemonspecies.graphql.swift; sourceTree = "<group>"; };
		49984EE7299AC1480064DD0F /* SchemaConfiguration.swift */ = {isa = PBXFileReference; fileEncoding = 4; lastKnownFileType = sourcecode.swift; path = SchemaConfiguration.swift; sourceTree = "<group>"; };
		49984EE8299AC1480064DD0F /* SchemaMetadata.graphql.swift */ = {isa = PBXFileReference; fileEncoding = 4; lastKnownFileType = sourcecode.swift; path = SchemaMetadata.graphql.swift; sourceTree = "<group>"; };
/* End PBXFileReference section */

/* Begin PBXFrameworksBuildPhase section */
		49984E6E299AA05F0064DD0F /* Frameworks */ = {
			isa = PBXFrameworksBuildPhase;
			buildActionMask = 2147483647;
			files = (
				49984EA4299AA4BE0064DD0F /* Apollo in Frameworks */,
			);
			runOnlyForDeploymentPostprocessing = 0;
		};
		49984E7E299AA0600064DD0F /* Frameworks */ = {
			isa = PBXFrameworksBuildPhase;
			buildActionMask = 2147483647;
			files = (
			);
			runOnlyForDeploymentPostprocessing = 0;
		};
		49984E88299AA0600064DD0F /* Frameworks */ = {
			isa = PBXFrameworksBuildPhase;
			buildActionMask = 2147483647;
			files = (
			);
			runOnlyForDeploymentPostprocessing = 0;
		};
/* End PBXFrameworksBuildPhase section */

/* Begin PBXGroup section */
		49984E68299AA05F0064DD0F = {
			isa = PBXGroup;
			children = (
				49984E73299AA05F0064DD0F /* Pokedex */,
				49984E72299AA05F0064DD0F /* Products */,
			);
			sourceTree = "<group>";
		};
		49984E72299AA05F0064DD0F /* Products */ = {
			isa = PBXGroup;
			children = (
				49984E71299AA05F0064DD0F /* Pokedex.app */,
				49984E81299AA0600064DD0F /* PokedexTests.xctest */,
				49984E8B299AA0600064DD0F /* PokedexUITests.xctest */,
			);
			name = Products;
			sourceTree = "<group>";
		};
		49984E73299AA05F0064DD0F /* Pokedex */ = {
			isa = PBXGroup;
			children = (
				49984E9F299AA0730064DD0F /* Testing */,
				49984E9E299AA06A0064DD0F /* Code */,
			);
			path = Pokedex;
			sourceTree = "<group>";
		};
		49984E9E299AA06A0064DD0F /* Code */ = {
			isa = PBXGroup;
			children = (
				49984EA8299AA8B90064DD0F /* Common */,
				49984EA1299AA1080064DD0F /* Core-Pokedex */,
			);
			path = Code;
			sourceTree = "<group>";
		};
		49984E9F299AA0730064DD0F /* Testing */ = {
			isa = PBXGroup;
			children = (
				49984EA0299AA07A0064DD0F /* Unit Tests */,
			);
			path = Testing;
			sourceTree = "<group>";
		};
		49984EA0299AA07A0064DD0F /* Unit Tests */ = {
			isa = PBXGroup;
			children = (
				49984E85299AA0600064DD0F /* PokedexTests.swift */,
			);
			path = "Unit Tests";
			sourceTree = "<group>";
		};
		49984EA1299AA1080064DD0F /* Core-Pokedex */ = {
			isa = PBXGroup;
			children = (
				49984ED0299AAC8A0064DD0F /* Data Access */,
				49984ECA299AAA960064DD0F /* Error Management */,
				49984E74299AA05F0064DD0F /* PokedexApp.swift */,
			);
			path = "Core-Pokedex";
			sourceTree = "<group>";
		};
		49984EA8299AA8B90064DD0F /* Common */ = {
			isa = PBXGroup;
			children = (
				49984EA9299AA8C20064DD0F /* Extensions */,
			);
			path = Common;
			sourceTree = "<group>";
		};
		49984EA9299AA8C20064DD0F /* Extensions */ = {
			isa = PBXGroup;
			children = (
				49984EAB299AA8C20064DD0F /* ViewExtensions.swift */,
				49984EAC299AA8C20064DD0F /* NumberDataTypeExtensions.swift */,
				49984EAD299AA8C20064DD0F /* UIColor+Luminosity.swift */,
				49984EAE299AA8C20064DD0F /* CommonMath.swift */,
				49984EAF299AA8C20064DD0F /* UIImage+Extension.swift */,
				49984EB0299AA8C20064DD0F /* Bool+Extensions.swift */,
				49984EB1299AA8C20064DD0F /* UIApplicationExtension.swift */,
				49984EB2299AA8C20064DD0F /* StringExtensions.swift */,
				49984EB3299AA8C20064DD0F /* SwiftUIAnimationTransitions.swift */,
				49984EB4299AA8C20064DD0F /* Optional+Extensions.swift */,
				49984EB5299AA8C20064DD0F /* URL+String+Extensions.swift */,
				49984EB6299AA8C20064DD0F /* UINavigationBar.swift */,
				49984EB7299AA8C20064DD0F /* Dictionary+Extensions.swift */,
				49984EB8299AA8C20064DD0F /* Path+QuadCurve+Extensions.swift */,
				49984EB9299AA8C20064DD0F /* Array+Tuple+Extensions.swift */,
			);
			path = Extensions;
			sourceTree = "<group>";
		};
		49984ECA299AAA960064DD0F /* Error Management */ = {
			isa = PBXGroup;
			children = (
				49984ECB299AAA960064DD0F /* ErrorCodeDispatcherProtocol.swift */,
				49984ECC299AAA960064DD0F /* ErrorCodeDispatcher.swift */,
			);
			path = "Error Management";
			sourceTree = "<group>";
		};
		49984ECF299AAB7B0064DD0F /* GraphQL */ = {
			isa = PBXGroup;
			children = (
				49984EDE299AC1480064DD0F /* PokemonSchema */,
				49984EDC299AC0540064DD0F /* PokemonSchema.graphqls */,
				49984EA6299AA5B90064DD0F /* Apollo.swift */,
				49984ED6299AAE2E0064DD0F /* Queries.graphql */,
			);
			path = GraphQL;
			sourceTree = "<group>";
		};
		49984ED0299AAC8A0064DD0F /* Data Access */ = {
			isa = PBXGroup;
			children = (
				49984ED1299AAC9C0064DD0F /* Remote */,
			);
			path = "Data Access";
			sourceTree = "<group>";
		};
		49984ED1299AAC9C0064DD0F /* Remote */ = {
			isa = PBXGroup;
			children = (
				49984ECF299AAB7B0064DD0F /* GraphQL */,
			);
			path = Remote;
			sourceTree = "<group>";
		};
		49984EDE299AC1480064DD0F /* PokemonSchema */ = {
			isa = PBXGroup;
			children = (
				49984EDF299AC1480064DD0F /* PokemonSchema.graphql.swift */,
				49984EE0299AC1480064DD0F /* Operations */,
				49984EE3299AC1480064DD0F /* Schema */,
			);
			path = PokemonSchema;
			sourceTree = SOURCE_ROOT;
		};
		49984EE0299AC1480064DD0F /* Operations */ = {
			isa = PBXGroup;
			children = (
				49984EE1299AC1480064DD0F /* Queries */,
			);
			path = Operations;
			sourceTree = "<group>";
		};
		49984EE1299AC1480064DD0F /* Queries */ = {
			isa = PBXGroup;
			children = (
				49984EE2299AC1480064DD0F /* SamplePokeAPIqueryQuery.graphql.swift */,
			);
			path = Queries;
			sourceTree = "<group>";
		};
		49984EE3299AC1480064DD0F /* Schema */ = {
			isa = PBXGroup;
			children = (
				49984EE4299AC1480064DD0F /* Objects */,
				49984EE7299AC1480064DD0F /* SchemaConfiguration.swift */,
				49984EE8299AC1480064DD0F /* SchemaMetadata.graphql.swift */,
			);
			path = Schema;
			sourceTree = "<group>";
		};
		49984EE4299AC1480064DD0F /* Objects */ = {
			isa = PBXGroup;
			children = (
				49984EE5299AC1480064DD0F /* Query_root.graphql.swift */,
				49984EE6299AC1480064DD0F /* Pokemon_v2_pokemonspecies.graphql.swift */,
			);
			path = Objects;
			sourceTree = "<group>";
		};
/* End PBXGroup section */

/* Begin PBXNativeTarget section */
		49984E70299AA05F0064DD0F /* Pokedex */ = {
			isa = PBXNativeTarget;
			buildConfigurationList = 49984E95299AA0600064DD0F /* Build configuration list for PBXNativeTarget "Pokedex" */;
			buildPhases = (
				49984E6D299AA05F0064DD0F /* Sources */,
				49984E6E299AA05F0064DD0F /* Frameworks */,
				49984E6F299AA05F0064DD0F /* Resources */,
			);
			buildRules = (
			);
			dependencies = (
			);
			name = Pokedex;
			packageProductDependencies = (
				49984EA3299AA4BE0064DD0F /* Apollo */,
			);
			productName = Pokedex;
			productReference = 49984E71299AA05F0064DD0F /* Pokedex.app */;
			productType = "com.apple.product-type.application";
		};
		49984E80299AA0600064DD0F /* PokedexTests */ = {
			isa = PBXNativeTarget;
			buildConfigurationList = 49984E98299AA0600064DD0F /* Build configuration list for PBXNativeTarget "PokedexTests" */;
			buildPhases = (
				49984E7D299AA0600064DD0F /* Sources */,
				49984E7E299AA0600064DD0F /* Frameworks */,
				49984E7F299AA0600064DD0F /* Resources */,
			);
			buildRules = (
			);
			dependencies = (
				49984E83299AA0600064DD0F /* PBXTargetDependency */,
			);
			name = PokedexTests;
			productName = PokedexTests;
			productReference = 49984E81299AA0600064DD0F /* PokedexTests.xctest */;
			productType = "com.apple.product-type.bundle.unit-test";
		};
		49984E8A299AA0600064DD0F /* PokedexUITests */ = {
			isa = PBXNativeTarget;
			buildConfigurationList = 49984E9B299AA0600064DD0F /* Build configuration list for PBXNativeTarget "PokedexUITests" */;
			buildPhases = (
				49984E87299AA0600064DD0F /* Sources */,
				49984E88299AA0600064DD0F /* Frameworks */,
				49984E89299AA0600064DD0F /* Resources */,
			);
			buildRules = (
			);
			dependencies = (
				49984E8D299AA0600064DD0F /* PBXTargetDependency */,
			);
			name = PokedexUITests;
			productName = PokedexUITests;
			productReference = 49984E8B299AA0600064DD0F /* PokedexUITests.xctest */;
			productType = "com.apple.product-type.bundle.ui-testing";
		};
/* End PBXNativeTarget section */

/* Begin PBXProject section */
		49984E69299AA05F0064DD0F /* Project object */ = {
			isa = PBXProject;
			attributes = {
				BuildIndependentTargetsInParallel = 1;
				LastSwiftUpdateCheck = 1400;
				LastUpgradeCheck = 1400;
				TargetAttributes = {
					49984E70299AA05F0064DD0F = {
						CreatedOnToolsVersion = 14.0.1;
					};
					49984E80299AA0600064DD0F = {
						CreatedOnToolsVersion = 14.0.1;
						TestTargetID = 49984E70299AA05F0064DD0F;
					};
					49984E8A299AA0600064DD0F = {
						CreatedOnToolsVersion = 14.0.1;
						TestTargetID = 49984E70299AA05F0064DD0F;
					};
				};
			};
			buildConfigurationList = 49984E6C299AA05F0064DD0F /* Build configuration list for PBXProject "Pokedex" */;
			compatibilityVersion = "Xcode 14.0";
			developmentRegion = en;
			hasScannedForEncodings = 0;
			knownRegions = (
				en,
				Base,
			);
			mainGroup = 49984E68299AA05F0064DD0F;
			packageReferences = (
				49984EA2299AA4BE0064DD0F /* XCRemoteSwiftPackageReference "apollo-ios" */,
			);
			productRefGroup = 49984E72299AA05F0064DD0F /* Products */;
			projectDirPath = "";
			projectRoot = "";
			targets = (
				49984E70299AA05F0064DD0F /* Pokedex */,
				49984E80299AA0600064DD0F /* PokedexTests */,
				49984E8A299AA0600064DD0F /* PokedexUITests */,
			);
		};
/* End PBXProject section */

/* Begin PBXResourcesBuildPhase section */
		49984E6F299AA05F0064DD0F /* Resources */ = {
			isa = PBXResourcesBuildPhase;
			buildActionMask = 2147483647;
			files = (
				49984EDD299AC0540064DD0F /* PokemonSchema.graphqls in Resources */,
				49984ED7299AAE2E0064DD0F /* Queries.graphql in Resources */,
			);
			runOnlyForDeploymentPostprocessing = 0;
		};
		49984E7F299AA0600064DD0F /* Resources */ = {
			isa = PBXResourcesBuildPhase;
			buildActionMask = 2147483647;
			files = (
			);
			runOnlyForDeploymentPostprocessing = 0;
		};
		49984E89299AA0600064DD0F /* Resources */ = {
			isa = PBXResourcesBuildPhase;
			buildActionMask = 2147483647;
			files = (
			);
			runOnlyForDeploymentPostprocessing = 0;
		};
/* End PBXResourcesBuildPhase section */

/* Begin PBXSourcesBuildPhase section */
		49984E6D299AA05F0064DD0F /* Sources */ = {
			isa = PBXSourcesBuildPhase;
			buildActionMask = 2147483647;
			files = (
				49984ECE299AAA960064DD0F /* ErrorCodeDispatcher.swift in Sources */,
				49984EE9299AC1480064DD0F /* PokemonSchema.graphql.swift in Sources */,
				49984EEC299AC1480064DD0F /* Pokemon_v2_pokemonspecies.graphql.swift in Sources */,
				49984EA7299AA5B90064DD0F /* Apollo.swift in Sources */,
				49984EC9299AA8C20064DD0F /* Array+Tuple+Extensions.swift in Sources */,
				49984EC1299AA8C20064DD0F /* UIApplicationExtension.swift in Sources */,
				49984EC4299AA8C20064DD0F /* Optional+Extensions.swift in Sources */,
				49984EBB299AA8C20064DD0F /* ViewExtensions.swift in Sources */,
				49984EBF299AA8C20064DD0F /* UIImage+Extension.swift in Sources */,
				49984EED299AC1480064DD0F /* SchemaConfiguration.swift in Sources */,
				49984EBC299AA8C20064DD0F /* NumberDataTypeExtensions.swift in Sources */,
				49984EC7299AA8C20064DD0F /* Dictionary+Extensions.swift in Sources */,
				49984ECD299AAA960064DD0F /* ErrorCodeDispatcherProtocol.swift in Sources */,
				49984EC2299AA8C20064DD0F /* StringExtensions.swift in Sources */,
				49984EBD299AA8C20064DD0F /* UIColor+Luminosity.swift in Sources */,
				49984EC6299AA8C20064DD0F /* UINavigationBar.swift in Sources */,
				49984EBE299AA8C20064DD0F /* CommonMath.swift in Sources */,
				49984EC5299AA8C20064DD0F /* URL+String+Extensions.swift in Sources */,
				49984EEB299AC1480064DD0F /* Query_root.graphql.swift in Sources */,
				49984EEE299AC1480064DD0F /* SchemaMetadata.graphql.swift in Sources */,
				49984EC8299AA8C20064DD0F /* Path+QuadCurve+Extensions.swift in Sources */,
				49984EEA299AC1480064DD0F /* SamplePokeAPIqueryQuery.graphql.swift in Sources */,
				49984E75299AA05F0064DD0F /* PokedexApp.swift in Sources */,
				49984EC0299AA8C20064DD0F /* Bool+Extensions.swift in Sources */,
				49984EC3299AA8C20064DD0F /* SwiftUIAnimationTransitions.swift in Sources */,
			);
			runOnlyForDeploymentPostprocessing = 0;
		};
		49984E7D299AA0600064DD0F /* Sources */ = {
			isa = PBXSourcesBuildPhase;
			buildActionMask = 2147483647;
			files = (
				49984E86299AA0600064DD0F /* PokedexTests.swift in Sources */,
			);
			runOnlyForDeploymentPostprocessing = 0;
		};
		49984E87299AA0600064DD0F /* Sources */ = {
			isa = PBXSourcesBuildPhase;
			buildActionMask = 2147483647;
			files = (
			);
			runOnlyForDeploymentPostprocessing = 0;
		};
/* End PBXSourcesBuildPhase section */

/* Begin PBXTargetDependency section */
		49984E83299AA0600064DD0F /* PBXTargetDependency */ = {
			isa = PBXTargetDependency;
			target = 49984E70299AA05F0064DD0F /* Pokedex */;
			targetProxy = 49984E82299AA0600064DD0F /* PBXContainerItemProxy */;
		};
		49984E8D299AA0600064DD0F /* PBXTargetDependency */ = {
			isa = PBXTargetDependency;
			target = 49984E70299AA05F0064DD0F /* Pokedex */;
			targetProxy = 49984E8C299AA0600064DD0F /* PBXContainerItemProxy */;
		};
/* End PBXTargetDependency section */

/* Begin XCBuildConfiguration section */
		49984E93299AA0600064DD0F /* Debug */ = {
			isa = XCBuildConfiguration;
			buildSettings = {
				ALWAYS_SEARCH_USER_PATHS = NO;
				CLANG_ANALYZER_NONNULL = YES;
				CLANG_ANALYZER_NUMBER_OBJECT_CONVERSION = YES_AGGRESSIVE;
				CLANG_CXX_LANGUAGE_STANDARD = "gnu++20";
				CLANG_ENABLE_MODULES = YES;
				CLANG_ENABLE_OBJC_ARC = YES;
				CLANG_ENABLE_OBJC_WEAK = YES;
				CLANG_WARN_BLOCK_CAPTURE_AUTORELEASING = YES;
				CLANG_WARN_BOOL_CONVERSION = YES;
				CLANG_WARN_COMMA = YES;
				CLANG_WARN_CONSTANT_CONVERSION = YES;
				CLANG_WARN_DEPRECATED_OBJC_IMPLEMENTATIONS = YES;
				CLANG_WARN_DIRECT_OBJC_ISA_USAGE = YES_ERROR;
				CLANG_WARN_DOCUMENTATION_COMMENTS = YES;
				CLANG_WARN_EMPTY_BODY = YES;
				CLANG_WARN_ENUM_CONVERSION = YES;
				CLANG_WARN_INFINITE_RECURSION = YES;
				CLANG_WARN_INT_CONVERSION = YES;
				CLANG_WARN_NON_LITERAL_NULL_CONVERSION = YES;
				CLANG_WARN_OBJC_IMPLICIT_RETAIN_SELF = YES;
				CLANG_WARN_OBJC_LITERAL_CONVERSION = YES;
				CLANG_WARN_OBJC_ROOT_CLASS = YES_ERROR;
				CLANG_WARN_QUOTED_INCLUDE_IN_FRAMEWORK_HEADER = YES;
				CLANG_WARN_RANGE_LOOP_ANALYSIS = YES;
				CLANG_WARN_STRICT_PROTOTYPES = YES;
				CLANG_WARN_SUSPICIOUS_MOVE = YES;
				CLANG_WARN_UNGUARDED_AVAILABILITY = YES_AGGRESSIVE;
				CLANG_WARN_UNREACHABLE_CODE = YES;
				CLANG_WARN__DUPLICATE_METHOD_MATCH = YES;
				COPY_PHASE_STRIP = NO;
				DEBUG_INFORMATION_FORMAT = dwarf;
				ENABLE_STRICT_OBJC_MSGSEND = YES;
				ENABLE_TESTABILITY = YES;
				GCC_C_LANGUAGE_STANDARD = gnu11;
				GCC_DYNAMIC_NO_PIC = NO;
				GCC_NO_COMMON_BLOCKS = YES;
				GCC_OPTIMIZATION_LEVEL = 0;
				GCC_PREPROCESSOR_DEFINITIONS = (
					"DEBUG=1",
					"$(inherited)",
				);
				GCC_WARN_64_TO_32_BIT_CONVERSION = YES;
				GCC_WARN_ABOUT_RETURN_TYPE = YES_ERROR;
				GCC_WARN_UNDECLARED_SELECTOR = YES;
				GCC_WARN_UNINITIALIZED_AUTOS = YES_AGGRESSIVE;
				GCC_WARN_UNUSED_FUNCTION = YES;
				GCC_WARN_UNUSED_VARIABLE = YES;
				IPHONEOS_DEPLOYMENT_TARGET = 16.0;
				MTL_ENABLE_DEBUG_INFO = INCLUDE_SOURCE;
				MTL_FAST_MATH = YES;
				ONLY_ACTIVE_ARCH = YES;
				SDKROOT = iphoneos;
				SWIFT_ACTIVE_COMPILATION_CONDITIONS = DEBUG;
				SWIFT_OPTIMIZATION_LEVEL = "-Onone";
			};
			name = Debug;
		};
		49984E94299AA0600064DD0F /* Release */ = {
			isa = XCBuildConfiguration;
			buildSettings = {
				ALWAYS_SEARCH_USER_PATHS = NO;
				CLANG_ANALYZER_NONNULL = YES;
				CLANG_ANALYZER_NUMBER_OBJECT_CONVERSION = YES_AGGRESSIVE;
				CLANG_CXX_LANGUAGE_STANDARD = "gnu++20";
				CLANG_ENABLE_MODULES = YES;
				CLANG_ENABLE_OBJC_ARC = YES;
				CLANG_ENABLE_OBJC_WEAK = YES;
				CLANG_WARN_BLOCK_CAPTURE_AUTORELEASING = YES;
				CLANG_WARN_BOOL_CONVERSION = YES;
				CLANG_WARN_COMMA = YES;
				CLANG_WARN_CONSTANT_CONVERSION = YES;
				CLANG_WARN_DEPRECATED_OBJC_IMPLEMENTATIONS = YES;
				CLANG_WARN_DIRECT_OBJC_ISA_USAGE = YES_ERROR;
				CLANG_WARN_DOCUMENTATION_COMMENTS = YES;
				CLANG_WARN_EMPTY_BODY = YES;
				CLANG_WARN_ENUM_CONVERSION = YES;
				CLANG_WARN_INFINITE_RECURSION = YES;
				CLANG_WARN_INT_CONVERSION = YES;
				CLANG_WARN_NON_LITERAL_NULL_CONVERSION = YES;
				CLANG_WARN_OBJC_IMPLICIT_RETAIN_SELF = YES;
				CLANG_WARN_OBJC_LITERAL_CONVERSION = YES;
				CLANG_WARN_OBJC_ROOT_CLASS = YES_ERROR;
				CLANG_WARN_QUOTED_INCLUDE_IN_FRAMEWORK_HEADER = YES;
				CLANG_WARN_RANGE_LOOP_ANALYSIS = YES;
				CLANG_WARN_STRICT_PROTOTYPES = YES;
				CLANG_WARN_SUSPICIOUS_MOVE = YES;
				CLANG_WARN_UNGUARDED_AVAILABILITY = YES_AGGRESSIVE;
				CLANG_WARN_UNREACHABLE_CODE = YES;
				CLANG_WARN__DUPLICATE_METHOD_MATCH = YES;
				COPY_PHASE_STRIP = NO;
				DEBUG_INFORMATION_FORMAT = "dwarf-with-dsym";
				ENABLE_NS_ASSERTIONS = NO;
				ENABLE_STRICT_OBJC_MSGSEND = YES;
				GCC_C_LANGUAGE_STANDARD = gnu11;
				GCC_NO_COMMON_BLOCKS = YES;
				GCC_WARN_64_TO_32_BIT_CONVERSION = YES;
				GCC_WARN_ABOUT_RETURN_TYPE = YES_ERROR;
				GCC_WARN_UNDECLARED_SELECTOR = YES;
				GCC_WARN_UNINITIALIZED_AUTOS = YES_AGGRESSIVE;
				GCC_WARN_UNUSED_FUNCTION = YES;
				GCC_WARN_UNUSED_VARIABLE = YES;
				IPHONEOS_DEPLOYMENT_TARGET = 16.0;
				MTL_ENABLE_DEBUG_INFO = NO;
				MTL_FAST_MATH = YES;
				SDKROOT = iphoneos;
				SWIFT_COMPILATION_MODE = wholemodule;
				SWIFT_OPTIMIZATION_LEVEL = "-O";
				VALIDATE_PRODUCT = YES;
			};
			name = Release;
		};
		49984E96299AA0600064DD0F /* Debug */ = {
			isa = XCBuildConfiguration;
			buildSettings = {
				ASSETCATALOG_COMPILER_APPICON_NAME = AppIcon;
				ASSETCATALOG_COMPILER_GLOBAL_ACCENT_COLOR_NAME = AccentColor;
				CODE_SIGN_STYLE = Automatic;
				CURRENT_PROJECT_VERSION = 1;
				DEVELOPMENT_TEAM = 2JMR3SJGS4;
				ENABLE_PREVIEWS = YES;
				GENERATE_INFOPLIST_FILE = YES;
				INFOPLIST_KEY_UIApplicationSceneManifest_Generation = YES;
				INFOPLIST_KEY_UIApplicationSupportsIndirectInputEvents = YES;
				INFOPLIST_KEY_UILaunchScreen_Generation = YES;
				INFOPLIST_KEY_UISupportedInterfaceOrientations_iPad = "UIInterfaceOrientationPortrait UIInterfaceOrientationPortraitUpsideDown UIInterfaceOrientationLandscapeLeft UIInterfaceOrientationLandscapeRight";
				INFOPLIST_KEY_UISupportedInterfaceOrientations_iPhone = "UIInterfaceOrientationPortrait UIInterfaceOrientationLandscapeLeft UIInterfaceOrientationLandscapeRight";
				LD_RUNPATH_SEARCH_PATHS = (
					"$(inherited)",
					"@executable_path/Frameworks",
				);
				MARKETING_VERSION = 1.0;
				PRODUCT_BUNDLE_IDENTIFIER = com.JCDev.Pokedex;
				PRODUCT_NAME = "$(TARGET_NAME)";
				SUPPORTED_PLATFORMS = "iphoneos iphonesimulator";
				SUPPORTS_MACCATALYST = NO;
				SUPPORTS_MAC_DESIGNED_FOR_IPHONE_IPAD = NO;
				SWIFT_EMIT_LOC_STRINGS = YES;
				SWIFT_VERSION = 5.0;
				TARGETED_DEVICE_FAMILY = 1;
			};
			name = Debug;
		};
		49984E97299AA0600064DD0F /* Release */ = {
			isa = XCBuildConfiguration;
			buildSettings = {
				ASSETCATALOG_COMPILER_APPICON_NAME = AppIcon;
				ASSETCATALOG_COMPILER_GLOBAL_ACCENT_COLOR_NAME = AccentColor;
				CODE_SIGN_STYLE = Automatic;
				CURRENT_PROJECT_VERSION = 1;
				DEVELOPMENT_TEAM = 2JMR3SJGS4;
				ENABLE_PREVIEWS = YES;
				GENERATE_INFOPLIST_FILE = YES;
				INFOPLIST_KEY_UIApplicationSceneManifest_Generation = YES;
				INFOPLIST_KEY_UIApplicationSupportsIndirectInputEvents = YES;
				INFOPLIST_KEY_UILaunchScreen_Generation = YES;
				INFOPLIST_KEY_UISupportedInterfaceOrientations_iPad = "UIInterfaceOrientationPortrait UIInterfaceOrientationPortraitUpsideDown UIInterfaceOrientationLandscapeLeft UIInterfaceOrientationLandscapeRight";
				INFOPLIST_KEY_UISupportedInterfaceOrientations_iPhone = "UIInterfaceOrientationPortrait UIInterfaceOrientationLandscapeLeft UIInterfaceOrientationLandscapeRight";
				LD_RUNPATH_SEARCH_PATHS = (
					"$(inherited)",
					"@executable_path/Frameworks",
				);
				MARKETING_VERSION = 1.0;
				PRODUCT_BUNDLE_IDENTIFIER = com.JCDev.Pokedex;
				PRODUCT_NAME = "$(TARGET_NAME)";
				SUPPORTED_PLATFORMS = "iphoneos iphonesimulator";
				SUPPORTS_MACCATALYST = NO;
				SUPPORTS_MAC_DESIGNED_FOR_IPHONE_IPAD = NO;
				SWIFT_EMIT_LOC_STRINGS = YES;
				SWIFT_VERSION = 5.0;
				TARGETED_DEVICE_FAMILY = 1;
			};
			name = Release;
		};
		49984E99299AA0600064DD0F /* Debug */ = {
			isa = XCBuildConfiguration;
			buildSettings = {
				ALWAYS_EMBED_SWIFT_STANDARD_LIBRARIES = YES;
				BUNDLE_LOADER = "$(TEST_HOST)";
				CODE_SIGN_STYLE = Automatic;
				CURRENT_PROJECT_VERSION = 1;
				DEVELOPMENT_TEAM = 2JMR3SJGS4;
				GENERATE_INFOPLIST_FILE = YES;
				IPHONEOS_DEPLOYMENT_TARGET = 16.0;
				MARKETING_VERSION = 1.0;
				PRODUCT_BUNDLE_IDENTIFIER = com.JCDev.PokedexTests;
				PRODUCT_NAME = "$(TARGET_NAME)";
				SWIFT_EMIT_LOC_STRINGS = NO;
				SWIFT_VERSION = 5.0;
				TARGETED_DEVICE_FAMILY = "1,2";
				TEST_HOST = "$(BUILT_PRODUCTS_DIR)/Pokedex.app/$(BUNDLE_EXECUTABLE_FOLDER_PATH)/Pokedex";
			};
			name = Debug;
		};
		49984E9A299AA0600064DD0F /* Release */ = {
			isa = XCBuildConfiguration;
			buildSettings = {
				ALWAYS_EMBED_SWIFT_STANDARD_LIBRARIES = YES;
				BUNDLE_LOADER = "$(TEST_HOST)";
				CODE_SIGN_STYLE = Automatic;
				CURRENT_PROJECT_VERSION = 1;
				DEVELOPMENT_TEAM = 2JMR3SJGS4;
				GENERATE_INFOPLIST_FILE = YES;
				IPHONEOS_DEPLOYMENT_TARGET = 16.0;
				MARKETING_VERSION = 1.0;
				PRODUCT_BUNDLE_IDENTIFIER = com.JCDev.PokedexTests;
				PRODUCT_NAME = "$(TARGET_NAME)";
				SWIFT_EMIT_LOC_STRINGS = NO;
				SWIFT_VERSION = 5.0;
				TARGETED_DEVICE_FAMILY = "1,2";
				TEST_HOST = "$(BUILT_PRODUCTS_DIR)/Pokedex.app/$(BUNDLE_EXECUTABLE_FOLDER_PATH)/Pokedex";
			};
			name = Release;
		};
		49984E9C299AA0600064DD0F /* Debug */ = {
			isa = XCBuildConfiguration;
			buildSettings = {
				ALWAYS_EMBED_SWIFT_STANDARD_LIBRARIES = YES;
				CODE_SIGN_STYLE = Automatic;
				CURRENT_PROJECT_VERSION = 1;
				DEVELOPMENT_TEAM = 2JMR3SJGS4;
				GENERATE_INFOPLIST_FILE = YES;
				MARKETING_VERSION = 1.0;
				PRODUCT_BUNDLE_IDENTIFIER = com.JCDev.PokedexUITests;
				PRODUCT_NAME = "$(TARGET_NAME)";
				SWIFT_EMIT_LOC_STRINGS = NO;
				SWIFT_VERSION = 5.0;
				TARGETED_DEVICE_FAMILY = "1,2";
				TEST_TARGET_NAME = Pokedex;
			};
			name = Debug;
		};
		49984E9D299AA0600064DD0F /* Release */ = {
			isa = XCBuildConfiguration;
			buildSettings = {
				ALWAYS_EMBED_SWIFT_STANDARD_LIBRARIES = YES;
				CODE_SIGN_STYLE = Automatic;
				CURRENT_PROJECT_VERSION = 1;
				DEVELOPMENT_TEAM = 2JMR3SJGS4;
				GENERATE_INFOPLIST_FILE = YES;
				MARKETING_VERSION = 1.0;
				PRODUCT_BUNDLE_IDENTIFIER = com.JCDev.PokedexUITests;
				PRODUCT_NAME = "$(TARGET_NAME)";
				SWIFT_EMIT_LOC_STRINGS = NO;
				SWIFT_VERSION = 5.0;
				TARGETED_DEVICE_FAMILY = "1,2";
				TEST_TARGET_NAME = Pokedex;
			};
			name = Release;
		};
/* End XCBuildConfiguration section */

/* Begin XCConfigurationList section */
		49984E6C299AA05F0064DD0F /* Build configuration list for PBXProject "Pokedex" */ = {
			isa = XCConfigurationList;
			buildConfigurations = (
				49984E93299AA0600064DD0F /* Debug */,
				49984E94299AA0600064DD0F /* Release */,
			);
			defaultConfigurationIsVisible = 0;
			defaultConfigurationName = Release;
		};
		49984E95299AA0600064DD0F /* Build configuration list for PBXNativeTarget "Pokedex" */ = {
			isa = XCConfigurationList;
			buildConfigurations = (
				49984E96299AA0600064DD0F /* Debug */,
				49984E97299AA0600064DD0F /* Release */,
			);
			defaultConfigurationIsVisible = 0;
			defaultConfigurationName = Release;
		};
		49984E98299AA0600064DD0F /* Build configuration list for PBXNativeTarget "PokedexTests" */ = {
			isa = XCConfigurationList;
			buildConfigurations = (
				49984E99299AA0600064DD0F /* Debug */,
				49984E9A299AA0600064DD0F /* Release */,
			);
			defaultConfigurationIsVisible = 0;
			defaultConfigurationName = Release;
		};
		49984E9B299AA0600064DD0F /* Build configuration list for PBXNativeTarget "PokedexUITests" */ = {
			isa = XCConfigurationList;
			buildConfigurations = (
				49984E9C299AA0600064DD0F /* Debug */,
				49984E9D299AA0600064DD0F /* Release */,
			);
			defaultConfigurationIsVisible = 0;
			defaultConfigurationName = Release;
		};
/* End XCConfigurationList section */

/* Begin XCRemoteSwiftPackageReference section */
		49984EA2299AA4BE0064DD0F /* XCRemoteSwiftPackageReference "apollo-ios" */ = {
			isa = XCRemoteSwiftPackageReference;
			repositoryURL = "https://github.com/apollographql/apollo-ios.git";
			requirement = {
				kind = upToNextMajorVersion;
				minimumVersion = 1.0.0;
			};
		};
/* End XCRemoteSwiftPackageReference section */

/* Begin XCSwiftPackageProductDependency section */
		49984EA3299AA4BE0064DD0F /* Apollo */ = {
			isa = XCSwiftPackageProductDependency;
			package = 49984EA2299AA4BE0064DD0F /* XCRemoteSwiftPackageReference "apollo-ios" */;
			productName = Apollo;
		};
/* End XCSwiftPackageProductDependency section */
	};
	rootObject = 49984E69299AA05F0064DD0F /* Project object */;
}
