// !$*UTF8*$!
{
	archiveVersion = 1;
	classes = {
	};
	objectVersion = 56;
	objects = {

/* Begin PBXBuildFile section */
		49984E75299AA05F0064DD0F /* PokedexApp.swift in Sources */ = {isa = PBXBuildFile; fileRef = 49984E74299AA05F0064DD0F /* PokedexApp.swift */; };
		49984E86299AA0600064DD0F /* PokedexTests.swift in Sources */ = {isa = PBXBuildFile; fileRef = 49984E85299AA0600064DD0F /* PokedexTests.swift */; };
		49984EA4299AA4BE0064DD0F /* Apollo in Frameworks */ = {isa = PBXBuildFile; productRef = 49984EA3299AA4BE0064DD0F /* Apollo */; };
		49984EA7299AA5B90064DD0F /* PokedexApolloClient.swift in Sources */ = {isa = PBXBuildFile; fileRef = 49984EA6299AA5B90064DD0F /* PokedexApolloClient.swift */; };
		49984EBB299AA8C20064DD0F /* ViewExtensions.swift in Sources */ = {isa = PBXBuildFile; fileRef = 49984EAB299AA8C20064DD0F /* ViewExtensions.swift */; };
		49984EBC299AA8C20064DD0F /* NumberDataTypeExtensions.swift in Sources */ = {isa = PBXBuildFile; fileRef = 49984EAC299AA8C20064DD0F /* NumberDataTypeExtensions.swift */; };
		49984EBD299AA8C20064DD0F /* UIColor+Luminosity.swift in Sources */ = {isa = PBXBuildFile; fileRef = 49984EAD299AA8C20064DD0F /* UIColor+Luminosity.swift */; };
		49984EBE299AA8C20064DD0F /* CommonMath.swift in Sources */ = {isa = PBXBuildFile; fileRef = 49984EAE299AA8C20064DD0F /* CommonMath.swift */; };
		49984EBF299AA8C20064DD0F /* UIImage+Extension.swift in Sources */ = {isa = PBXBuildFile; fileRef = 49984EAF299AA8C20064DD0F /* UIImage+Extension.swift */; };
		49984EC0299AA8C20064DD0F /* Bool+Extensions.swift in Sources */ = {isa = PBXBuildFile; fileRef = 49984EB0299AA8C20064DD0F /* Bool+Extensions.swift */; };
		49984EC1299AA8C20064DD0F /* UIApplicationExtension.swift in Sources */ = {isa = PBXBuildFile; fileRef = 49984EB1299AA8C20064DD0F /* UIApplicationExtension.swift */; };
		49984EC2299AA8C20064DD0F /* StringExtensions.swift in Sources */ = {isa = PBXBuildFile; fileRef = 49984EB2299AA8C20064DD0F /* StringExtensions.swift */; };
		49984EC3299AA8C20064DD0F /* SwiftUIAnimationTransitions.swift in Sources */ = {isa = PBXBuildFile; fileRef = 49984EB3299AA8C20064DD0F /* SwiftUIAnimationTransitions.swift */; };
		49984EC4299AA8C20064DD0F /* Optional+Extensions.swift in Sources */ = {isa = PBXBuildFile; fileRef = 49984EB4299AA8C20064DD0F /* Optional+Extensions.swift */; };
		49984EC5299AA8C20064DD0F /* URL+String+Extensions.swift in Sources */ = {isa = PBXBuildFile; fileRef = 49984EB5299AA8C20064DD0F /* URL+String+Extensions.swift */; };
		49984EC6299AA8C20064DD0F /* UINavigationBar.swift in Sources */ = {isa = PBXBuildFile; fileRef = 49984EB6299AA8C20064DD0F /* UINavigationBar.swift */; };
		49984EC7299AA8C20064DD0F /* Dictionary+Extensions.swift in Sources */ = {isa = PBXBuildFile; fileRef = 49984EB7299AA8C20064DD0F /* Dictionary+Extensions.swift */; };
		49984EC8299AA8C20064DD0F /* Path+QuadCurve+Extensions.swift in Sources */ = {isa = PBXBuildFile; fileRef = 49984EB8299AA8C20064DD0F /* Path+QuadCurve+Extensions.swift */; };
		49984EC9299AA8C20064DD0F /* Array+Tuple+Extensions.swift in Sources */ = {isa = PBXBuildFile; fileRef = 49984EB9299AA8C20064DD0F /* Array+Tuple+Extensions.swift */; };
		49984ECD299AAA960064DD0F /* ErrorCodeDispatcherProtocol.swift in Sources */ = {isa = PBXBuildFile; fileRef = 49984ECB299AAA960064DD0F /* ErrorCodeDispatcherProtocol.swift */; };
		49984ECE299AAA960064DD0F /* ErrorCodeDispatcher.swift in Sources */ = {isa = PBXBuildFile; fileRef = 49984ECC299AAA960064DD0F /* ErrorCodeDispatcher.swift */; };
		49984EDD299AC0540064DD0F /* PokemonSchema.graphqls in Resources */ = {isa = PBXBuildFile; fileRef = 49984EDC299AC0540064DD0F /* PokemonSchema.graphqls */; };
		49984F04299AE1990064DD0F /* ApolloServiceProtocol.swift in Sources */ = {isa = PBXBuildFile; fileRef = 49984F03299AE1990064DD0F /* ApolloServiceProtocol.swift */; };
		4999DA21299C322D002114E2 /* PokemonGridView.swift in Sources */ = {isa = PBXBuildFile; fileRef = 4999DA20299C322D002114E2 /* PokemonGridView.swift */; };
		4999DA23299C3237002114E2 /* PokemonGridViewModel.swift in Sources */ = {isa = PBXBuildFile; fileRef = 4999DA22299C3237002114E2 /* PokemonGridViewModel.swift */; };
		4999DA26299C3513002114E2 /* AppService.swift in Sources */ = {isa = PBXBuildFile; fileRef = 4999DA25299C3513002114E2 /* AppService.swift */; };
		4999DA2D299C6265002114E2 /* PokemonImageViewModel.swift in Sources */ = {isa = PBXBuildFile; fileRef = 4999DA2A299C6265002114E2 /* PokemonImageViewModel.swift */; };
		4999DA2E299C6265002114E2 /* PokemonImageView.swift in Sources */ = {isa = PBXBuildFile; fileRef = 4999DA2C299C6265002114E2 /* PokemonImageView.swift */; };
		4999DA31299C62A2002114E2 /* Shimmer in Frameworks */ = {isa = PBXBuildFile; productRef = 4999DA30299C62A2002114E2 /* Shimmer */; };
		4999DA33299C6311002114E2 /* PokemonImageFetcher.swift in Sources */ = {isa = PBXBuildFile; fileRef = 4999DA32299C6311002114E2 /* PokemonImageFetcher.swift */; };
		4999DA35299C64D6002114E2 /* ImageDownloaderService.swift in Sources */ = {isa = PBXBuildFile; fileRef = 4999DA34299C64D6002114E2 /* ImageDownloaderService.swift */; };
		4999DA3E299C651C002114E2 /* LocalFileDirector.swift in Sources */ = {isa = PBXBuildFile; fileRef = 4999DA39299C651C002114E2 /* LocalFileDirector.swift */; };
		4999DA3F299C651C002114E2 /* ImageFileManager.swift in Sources */ = {isa = PBXBuildFile; fileRef = 4999DA3B299C651C002114E2 /* ImageFileManager.swift */; };
		4999DA40299C651C002114E2 /* FileManagerInterfaceProtocol.swift in Sources */ = {isa = PBXBuildFile; fileRef = 4999DA3D299C651C002114E2 /* FileManagerInterfaceProtocol.swift */; };
		4999DA43299D4556002114E2 /* Sheathed-TextField-SwiftUI in Frameworks */ = {isa = PBXBuildFile; productRef = 4999DA42299D4556002114E2 /* Sheathed-TextField-SwiftUI */; };
		49A5D574299BD8C500AC2860 /* WeightConversionHelper.m in Sources */ = {isa = PBXBuildFile; fileRef = 49A5D573299BD8C500AC2860 /* WeightConversionHelper.m */; };
		49A5D57C299BFCE700AC2860 /* LengthConversionHelper.m in Sources */ = {isa = PBXBuildFile; fileRef = 49A5D57B299BFCE700AC2860 /* LengthConversionHelper.m */; };
		49A5D580299C19FA00AC2860 /* HelperManager.m in Sources */ = {isa = PBXBuildFile; fileRef = 49A5D57F299C19FA00AC2860 /* HelperManager.m */; };
		49A5D589299C274A00AC2860 /* Images.swift in Sources */ = {isa = PBXBuildFile; fileRef = 49A5D588299C274A00AC2860 /* Images.swift */; };
		49A5D58B299C27C100AC2860 /* Colors.swift in Sources */ = {isa = PBXBuildFile; fileRef = 49A5D58A299C27C100AC2860 /* Colors.swift */; };
		49A5D597299C282200AC2860 /* LocalizedStrings.swift in Sources */ = {isa = PBXBuildFile; fileRef = 49A5D592299C282200AC2860 /* LocalizedStrings.swift */; };
		49A5D598299C282200AC2860 /* Fonts.swift in Sources */ = {isa = PBXBuildFile; fileRef = 49A5D594299C282200AC2860 /* Fonts.swift */; };
		49A5D59E299C2BD800AC2860 /* Localizable.strings in Resources */ = {isa = PBXBuildFile; fileRef = 49A5D58E299C282200AC2860 /* Localizable.strings */; };
		49A5D59F299C2BD800AC2860 /* Colors.xcassets in Resources */ = {isa = PBXBuildFile; fileRef = 49A5D586299C25F700AC2860 /* Colors.xcassets */; };
		49A5D5A0299C2BD800AC2860 /* Images.xcassets in Resources */ = {isa = PBXBuildFile; fileRef = 49A5D583299C259A00AC2860 /* Images.xcassets */; };
		49AB593A299D5F360016D76A /* PokemonTypeSelectionChipViewModel.swift in Sources */ = {isa = PBXBuildFile; fileRef = 49AB5936299D5F360016D76A /* PokemonTypeSelectionChipViewModel.swift */; };
		49AB593B299D5F360016D76A /* PokemonTypeSelectionChipView.swift in Sources */ = {isa = PBXBuildFile; fileRef = 49AB5938299D5F360016D76A /* PokemonTypeSelectionChipView.swift */; };
		49AB5942299D71170016D76A /* CornerRadius.swift in Sources */ = {isa = PBXBuildFile; fileRef = 49AB5940299D71170016D76A /* CornerRadius.swift */; };
		49AB5945299D8E780016D76A /* BaseStatProgressView.swift in Sources */ = {isa = PBXBuildFile; fileRef = 49AB5944299D8E780016D76A /* BaseStatProgressView.swift */; };
		49AB5948299D938B0016D76A /* ButtonStyles.swift in Sources */ = {isa = PBXBuildFile; fileRef = 49AB5947299D938B0016D76A /* ButtonStyles.swift */; };
		49AB594B299D9A320016D76A /* Launch Screen.storyboard in Resources */ = {isa = PBXBuildFile; fileRef = 49AB594A299D9A320016D76A /* Launch Screen.storyboard */; };
		49EF2DD9299B0DFF00194CAF /* GetAllPokemon.graphql in Resources */ = {isa = PBXBuildFile; fileRef = 49EF2DD8299B0DFF00194CAF /* GetAllPokemon.graphql */; };
		49EF2DDB299B0E2B00194CAF /* GetSpritesForPokemon.graphql in Resources */ = {isa = PBXBuildFile; fileRef = 49EF2DDA299B0E2B00194CAF /* GetSpritesForPokemon.graphql */; };
		49EF2DDD299B0E5000194CAF /* GetStatsForPokemon.graphql in Resources */ = {isa = PBXBuildFile; fileRef = 49EF2DDC299B0E5000194CAF /* GetStatsForPokemon.graphql */; };
		49EF2E37299B148D00194CAF /* PokemonDataProvider.swift in Sources */ = {isa = PBXBuildFile; fileRef = 49EF2E36299B148D00194CAF /* PokemonDataProvider.swift */; };
		49EF2E39299B14C600194CAF /* NetworkingService.swift in Sources */ = {isa = PBXBuildFile; fileRef = 49EF2E38299B14C600194CAF /* NetworkingService.swift */; };
		49EF2E3D299B14CD00194CAF /* InjectableServices.swift in Sources */ = {isa = PBXBuildFile; fileRef = 49EF2E3C299B14CD00194CAF /* InjectableServices.swift */; };
		49EF2E40299B169400194CAF /* ApolloGraphQLServiceAdapter.swift in Sources */ = {isa = PBXBuildFile; fileRef = 49EF2E3F299B169400194CAF /* ApolloGraphQLServiceAdapter.swift */; };
		49EF2E5A299B1BEF00194CAF /* PokemonSchema.graphql.swift in Sources */ = {isa = PBXBuildFile; fileRef = 49EF2E44299B1BEF00194CAF /* PokemonSchema.graphql.swift */; };
		49EF2E5B299B1BEF00194CAF /* GetSpritesForPokemonQuery.graphql.swift in Sources */ = {isa = PBXBuildFile; fileRef = 49EF2E47299B1BEF00194CAF /* GetSpritesForPokemonQuery.graphql.swift */; };
		49EF2E5C299B1BEF00194CAF /* GetAllPokemonQuery.graphql.swift in Sources */ = {isa = PBXBuildFile; fileRef = 49EF2E48299B1BEF00194CAF /* GetAllPokemonQuery.graphql.swift */; };
		49EF2E5D299B1BEF00194CAF /* GetStatsForPokemonQuery.graphql.swift in Sources */ = {isa = PBXBuildFile; fileRef = 49EF2E49299B1BEF00194CAF /* GetStatsForPokemonQuery.graphql.swift */; };
		49EF2E5E299B1BEF00194CAF /* Query_root.graphql.swift in Sources */ = {isa = PBXBuildFile; fileRef = 49EF2E4C299B1BEF00194CAF /* Query_root.graphql.swift */; };
		49EF2E5F299B1BEF00194CAF /* Pokemon_v2_pokemontype.graphql.swift in Sources */ = {isa = PBXBuildFile; fileRef = 49EF2E4D299B1BEF00194CAF /* Pokemon_v2_pokemontype.graphql.swift */; };
		49EF2E60299B1BEF00194CAF /* Pokemon_v2_egggroup.graphql.swift in Sources */ = {isa = PBXBuildFile; fileRef = 49EF2E4E299B1BEF00194CAF /* Pokemon_v2_egggroup.graphql.swift */; };
		49EF2E61299B1BEF00194CAF /* Pokemon_v2_pokemonsprites.graphql.swift in Sources */ = {isa = PBXBuildFile; fileRef = 49EF2E4F299B1BEF00194CAF /* Pokemon_v2_pokemonsprites.graphql.swift */; };
		49EF2E62299B1BEF00194CAF /* Pokemon_v2_pokemonegggroup.graphql.swift in Sources */ = {isa = PBXBuildFile; fileRef = 49EF2E50299B1BEF00194CAF /* Pokemon_v2_pokemonegggroup.graphql.swift */; };
		49EF2E63299B1BEF00194CAF /* Pokemon_v2_type.graphql.swift in Sources */ = {isa = PBXBuildFile; fileRef = 49EF2E51299B1BEF00194CAF /* Pokemon_v2_type.graphql.swift */; };
		49EF2E64299B1BEF00194CAF /* Pokemon_v2_pokemonstat.graphql.swift in Sources */ = {isa = PBXBuildFile; fileRef = 49EF2E52299B1BEF00194CAF /* Pokemon_v2_pokemonstat.graphql.swift */; };
		49EF2E65299B1BEF00194CAF /* Pokemon_v2_ability.graphql.swift in Sources */ = {isa = PBXBuildFile; fileRef = 49EF2E53299B1BEF00194CAF /* Pokemon_v2_ability.graphql.swift */; };
		49EF2E66299B1BEF00194CAF /* Pokemon_v2_pokemonability.graphql.swift in Sources */ = {isa = PBXBuildFile; fileRef = 49EF2E54299B1BEF00194CAF /* Pokemon_v2_pokemonability.graphql.swift */; };
		49EF2E67299B1BEF00194CAF /* Pokemon_v2_pokemonspecies.graphql.swift in Sources */ = {isa = PBXBuildFile; fileRef = 49EF2E55299B1BEF00194CAF /* Pokemon_v2_pokemonspecies.graphql.swift */; };
		49EF2E68299B1BEF00194CAF /* Pokemon_v2_stat.graphql.swift in Sources */ = {isa = PBXBuildFile; fileRef = 49EF2E56299B1BEF00194CAF /* Pokemon_v2_stat.graphql.swift */; };
		49EF2E69299B1BEF00194CAF /* Pokemon_v2_pokemon.graphql.swift in Sources */ = {isa = PBXBuildFile; fileRef = 49EF2E57299B1BEF00194CAF /* Pokemon_v2_pokemon.graphql.swift */; };
		49EF2E6A299B1BEF00194CAF /* SchemaConfiguration.swift in Sources */ = {isa = PBXBuildFile; fileRef = 49EF2E58299B1BEF00194CAF /* SchemaConfiguration.swift */; };
		49EF2E6B299B1BEF00194CAF /* SchemaMetadata.graphql.swift in Sources */ = {isa = PBXBuildFile; fileRef = 49EF2E59299B1BEF00194CAF /* SchemaMetadata.graphql.swift */; };
		49EF2E6D299B1C2D00194CAF /* MinimalPokemonModel.swift in Sources */ = {isa = PBXBuildFile; fileRef = 49EF2E6C299B1C2D00194CAF /* MinimalPokemonModel.swift */; };
		49EF2E6F299B1C3B00194CAF /* DetailedPokemonModel.swift in Sources */ = {isa = PBXBuildFile; fileRef = 49EF2E6E299B1C3A00194CAF /* DetailedPokemonModel.swift */; };
		49EF2E78299B22F800194CAF /* JSONParsingHelper+JSONEncodingHelper.swift in Sources */ = {isa = PBXBuildFile; fileRef = 49EF2E75299B22F800194CAF /* JSONParsingHelper+JSONEncodingHelper.swift */; };
		49EF2E7A299B300400194CAF /* SharedPokemonModelData.swift in Sources */ = {isa = PBXBuildFile; fileRef = 49EF2E79299B300400194CAF /* SharedPokemonModelData.swift */; };
		49EF2E7D299B307E00194CAF /* PokemonDataStore.swift in Sources */ = {isa = PBXBuildFile; fileRef = 49EF2E7C299B307E00194CAF /* PokemonDataStore.swift */; };
		49EF2E94299B3A6C00194CAF /* MainRouter.swift in Sources */ = {isa = PBXBuildFile; fileRef = 49EF2E88299B3A6C00194CAF /* MainRouter.swift */; };
		49EF2E96299B3A6C00194CAF /* Router.swift in Sources */ = {isa = PBXBuildFile; fileRef = 49EF2E8B299B3A6C00194CAF /* Router.swift */; };
		49EF2E97299B3A6C00194CAF /* RoutesProtocol.swift in Sources */ = {isa = PBXBuildFile; fileRef = 49EF2E8D299B3A6C00194CAF /* RoutesProtocol.swift */; };
		49EF2E98299B3A6C00194CAF /* Routes.swift in Sources */ = {isa = PBXBuildFile; fileRef = 49EF2E8E299B3A6C00194CAF /* Routes.swift */; };
		49EF2E9B299B3AF900194CAF /* OrderedCollections in Frameworks */ = {isa = PBXBuildFile; productRef = 49EF2E9A299B3AF900194CAF /* OrderedCollections */; };
		49EF2EBD299B3C0400194CAF /* RootCoordinatorDelegate.swift in Sources */ = {isa = PBXBuildFile; fileRef = 49EF2EA5299B3C0400194CAF /* RootCoordinatorDelegate.swift */; };
		49EF2EBF299B3C0400194CAF /* RootCoordinatorDispatcher.swift in Sources */ = {isa = PBXBuildFile; fileRef = 49EF2EA8299B3C0400194CAF /* RootCoordinatorDispatcher.swift */; };
		49EF2EC1299B3C0400194CAF /* MainCoordinator.swift in Sources */ = {isa = PBXBuildFile; fileRef = 49EF2EAC299B3C0400194CAF /* MainCoordinator.swift */; };
		49EF2EC5299B3C0400194CAF /* MainCoordinatorView.swift in Sources */ = {isa = PBXBuildFile; fileRef = 49EF2EB2299B3C0400194CAF /* MainCoordinatorView.swift */; };
		49EF2EC6299B3C0400194CAF /* SheetModifier.swift in Sources */ = {isa = PBXBuildFile; fileRef = 49EF2EB4299B3C0400194CAF /* SheetModifier.swift */; };
		49EF2EC7299B3C0400194CAF /* FullScreenCoverModifier.swift in Sources */ = {isa = PBXBuildFile; fileRef = 49EF2EB5299B3C0400194CAF /* FullScreenCoverModifier.swift */; };
		49EF2EC8299B3C0400194CAF /* PopoverModifier.swift in Sources */ = {isa = PBXBuildFile; fileRef = 49EF2EB6299B3C0400194CAF /* PopoverModifier.swift */; };
		49EF2EC9299B3C0400194CAF /* Coordinator+RootCoordinator.swift in Sources */ = {isa = PBXBuildFile; fileRef = 49EF2EB8299B3C0400194CAF /* Coordinator+RootCoordinator.swift */; };
		49EF2ED1299B3C6000194CAF /* Image+TextModifiers.swift in Sources */ = {isa = PBXBuildFile; fileRef = 49EF2ECB299B3C6000194CAF /* Image+TextModifiers.swift */; };
		49EF2ED2299B3C6000194CAF /* RouterViewModifiers.swift in Sources */ = {isa = PBXBuildFile; fileRef = 49EF2ECC299B3C6000194CAF /* RouterViewModifiers.swift */; };
		49EF2ED3299B3C6000194CAF /* ShapeModifiers.swift in Sources */ = {isa = PBXBuildFile; fileRef = 49EF2ECD299B3C6000194CAF /* ShapeModifiers.swift */; };
		49EF2EE0299B46B800194CAF /* MainScreenViewModel.swift in Sources */ = {isa = PBXBuildFile; fileRef = 49EF2EDF299B46B800194CAF /* MainScreenViewModel.swift */; };
		49EF2EE5299B46F200194CAF /* AssociatedEnum.swift in Sources */ = {isa = PBXBuildFile; fileRef = 49EF2EE2299B46F200194CAF /* AssociatedEnum.swift */; };
		49EF2EE7299B46F200194CAF /* GenericViewModelProtocol.swift in Sources */ = {isa = PBXBuildFile; fileRef = 49EF2EE4299B46F200194CAF /* GenericViewModelProtocol.swift */; };
		49EF2EE9299B478000194CAF /* MainScreen.swift in Sources */ = {isa = PBXBuildFile; fileRef = 49EF2EE8299B478000194CAF /* MainScreen.swift */; };
		49EF2EEB299B47C100194CAF /* PokemonDetailScreenViewModel.swift in Sources */ = {isa = PBXBuildFile; fileRef = 49EF2EEA299B47C100194CAF /* PokemonDetailScreenViewModel.swift */; };
		49EF2EEF299B55CB00194CAF /* PokemonDetailScreen.swift in Sources */ = {isa = PBXBuildFile; fileRef = 49EF2EEE299B55CB00194CAF /* PokemonDetailScreen.swift */; };
/* End PBXBuildFile section */

/* Begin PBXContainerItemProxy section */
		49984E82299AA0600064DD0F /* PBXContainerItemProxy */ = {
			isa = PBXContainerItemProxy;
			containerPortal = 49984E69299AA05F0064DD0F /* Project object */;
			proxyType = 1;
			remoteGlobalIDString = 49984E70299AA05F0064DD0F;
			remoteInfo = Pokedex;
		};
		49984E8C299AA0600064DD0F /* PBXContainerItemProxy */ = {
			isa = PBXContainerItemProxy;
			containerPortal = 49984E69299AA05F0064DD0F /* Project object */;
			proxyType = 1;
			remoteGlobalIDString = 49984E70299AA05F0064DD0F;
			remoteInfo = Pokedex;
		};
/* End PBXContainerItemProxy section */

/* Begin PBXFileReference section */
		49984E71299AA05F0064DD0F /* Pokedex.app */ = {isa = PBXFileReference; explicitFileType = wrapper.application; includeInIndex = 0; path = Pokedex.app; sourceTree = BUILT_PRODUCTS_DIR; };
		49984E74299AA05F0064DD0F /* PokedexApp.swift */ = {isa = PBXFileReference; lastKnownFileType = sourcecode.swift; path = PokedexApp.swift; sourceTree = "<group>"; };
		49984E81299AA0600064DD0F /* PokedexTests.xctest */ = {isa = PBXFileReference; explicitFileType = wrapper.cfbundle; includeInIndex = 0; path = PokedexTests.xctest; sourceTree = BUILT_PRODUCTS_DIR; };
		49984E85299AA0600064DD0F /* PokedexTests.swift */ = {isa = PBXFileReference; lastKnownFileType = sourcecode.swift; path = PokedexTests.swift; sourceTree = "<group>"; };
		49984E8B299AA0600064DD0F /* PokedexUITests.xctest */ = {isa = PBXFileReference; explicitFileType = wrapper.cfbundle; includeInIndex = 0; path = PokedexUITests.xctest; sourceTree = BUILT_PRODUCTS_DIR; };
		49984EA6299AA5B90064DD0F /* PokedexApolloClient.swift */ = {isa = PBXFileReference; lastKnownFileType = sourcecode.swift; path = PokedexApolloClient.swift; sourceTree = "<group>"; };
		49984EAB299AA8C20064DD0F /* ViewExtensions.swift */ = {isa = PBXFileReference; fileEncoding = 4; lastKnownFileType = sourcecode.swift; path = ViewExtensions.swift; sourceTree = "<group>"; };
		49984EAC299AA8C20064DD0F /* NumberDataTypeExtensions.swift */ = {isa = PBXFileReference; fileEncoding = 4; lastKnownFileType = sourcecode.swift; path = NumberDataTypeExtensions.swift; sourceTree = "<group>"; };
		49984EAD299AA8C20064DD0F /* UIColor+Luminosity.swift */ = {isa = PBXFileReference; fileEncoding = 4; lastKnownFileType = sourcecode.swift; path = "UIColor+Luminosity.swift"; sourceTree = "<group>"; };
		49984EAE299AA8C20064DD0F /* CommonMath.swift */ = {isa = PBXFileReference; fileEncoding = 4; lastKnownFileType = sourcecode.swift; path = CommonMath.swift; sourceTree = "<group>"; };
		49984EAF299AA8C20064DD0F /* UIImage+Extension.swift */ = {isa = PBXFileReference; fileEncoding = 4; lastKnownFileType = sourcecode.swift; path = "UIImage+Extension.swift"; sourceTree = "<group>"; };
		49984EB0299AA8C20064DD0F /* Bool+Extensions.swift */ = {isa = PBXFileReference; fileEncoding = 4; lastKnownFileType = sourcecode.swift; path = "Bool+Extensions.swift"; sourceTree = "<group>"; };
		49984EB1299AA8C20064DD0F /* UIApplicationExtension.swift */ = {isa = PBXFileReference; fileEncoding = 4; lastKnownFileType = sourcecode.swift; path = UIApplicationExtension.swift; sourceTree = "<group>"; };
		49984EB2299AA8C20064DD0F /* StringExtensions.swift */ = {isa = PBXFileReference; fileEncoding = 4; lastKnownFileType = sourcecode.swift; path = StringExtensions.swift; sourceTree = "<group>"; };
		49984EB3299AA8C20064DD0F /* SwiftUIAnimationTransitions.swift */ = {isa = PBXFileReference; fileEncoding = 4; lastKnownFileType = sourcecode.swift; path = SwiftUIAnimationTransitions.swift; sourceTree = "<group>"; };
		49984EB4299AA8C20064DD0F /* Optional+Extensions.swift */ = {isa = PBXFileReference; fileEncoding = 4; lastKnownFileType = sourcecode.swift; path = "Optional+Extensions.swift"; sourceTree = "<group>"; };
		49984EB5299AA8C20064DD0F /* URL+String+Extensions.swift */ = {isa = PBXFileReference; fileEncoding = 4; lastKnownFileType = sourcecode.swift; path = "URL+String+Extensions.swift"; sourceTree = "<group>"; };
		49984EB6299AA8C20064DD0F /* UINavigationBar.swift */ = {isa = PBXFileReference; fileEncoding = 4; lastKnownFileType = sourcecode.swift; path = UINavigationBar.swift; sourceTree = "<group>"; };
		49984EB7299AA8C20064DD0F /* Dictionary+Extensions.swift */ = {isa = PBXFileReference; fileEncoding = 4; lastKnownFileType = sourcecode.swift; path = "Dictionary+Extensions.swift"; sourceTree = "<group>"; };
		49984EB8299AA8C20064DD0F /* Path+QuadCurve+Extensions.swift */ = {isa = PBXFileReference; fileEncoding = 4; lastKnownFileType = sourcecode.swift; path = "Path+QuadCurve+Extensions.swift"; sourceTree = "<group>"; };
		49984EB9299AA8C20064DD0F /* Array+Tuple+Extensions.swift */ = {isa = PBXFileReference; fileEncoding = 4; lastKnownFileType = sourcecode.swift; path = "Array+Tuple+Extensions.swift"; sourceTree = "<group>"; };
		49984ECB299AAA960064DD0F /* ErrorCodeDispatcherProtocol.swift */ = {isa = PBXFileReference; fileEncoding = 4; lastKnownFileType = sourcecode.swift; path = ErrorCodeDispatcherProtocol.swift; sourceTree = "<group>"; };
		49984ECC299AAA960064DD0F /* ErrorCodeDispatcher.swift */ = {isa = PBXFileReference; fileEncoding = 4; lastKnownFileType = sourcecode.swift; path = ErrorCodeDispatcher.swift; sourceTree = "<group>"; };
		49984EDC299AC0540064DD0F /* PokemonSchema.graphqls */ = {isa = PBXFileReference; fileEncoding = 4; lastKnownFileType = text; path = PokemonSchema.graphqls; sourceTree = "<group>"; };
		49984F03299AE1990064DD0F /* ApolloServiceProtocol.swift */ = {isa = PBXFileReference; lastKnownFileType = sourcecode.swift; path = ApolloServiceProtocol.swift; sourceTree = "<group>"; };
		4999DA20299C322D002114E2 /* PokemonGridView.swift */ = {isa = PBXFileReference; lastKnownFileType = sourcecode.swift; path = PokemonGridView.swift; sourceTree = "<group>"; };
		4999DA22299C3237002114E2 /* PokemonGridViewModel.swift */ = {isa = PBXFileReference; lastKnownFileType = sourcecode.swift; path = PokemonGridViewModel.swift; sourceTree = "<group>"; };
		4999DA25299C3513002114E2 /* AppService.swift */ = {isa = PBXFileReference; fileEncoding = 4; lastKnownFileType = sourcecode.swift; path = AppService.swift; sourceTree = "<group>"; };
		4999DA2A299C6265002114E2 /* PokemonImageViewModel.swift */ = {isa = PBXFileReference; fileEncoding = 4; lastKnownFileType = sourcecode.swift; path = PokemonImageViewModel.swift; sourceTree = "<group>"; };
		4999DA2C299C6265002114E2 /* PokemonImageView.swift */ = {isa = PBXFileReference; fileEncoding = 4; lastKnownFileType = sourcecode.swift; path = PokemonImageView.swift; sourceTree = "<group>"; };
		4999DA32299C6311002114E2 /* PokemonImageFetcher.swift */ = {isa = PBXFileReference; fileEncoding = 4; lastKnownFileType = sourcecode.swift; path = PokemonImageFetcher.swift; sourceTree = "<group>"; };
		4999DA34299C64D6002114E2 /* ImageDownloaderService.swift */ = {isa = PBXFileReference; fileEncoding = 4; lastKnownFileType = sourcecode.swift; path = ImageDownloaderService.swift; sourceTree = "<group>"; };
		4999DA39299C651C002114E2 /* LocalFileDirector.swift */ = {isa = PBXFileReference; fileEncoding = 4; lastKnownFileType = sourcecode.swift; path = LocalFileDirector.swift; sourceTree = "<group>"; };
		4999DA3B299C651C002114E2 /* ImageFileManager.swift */ = {isa = PBXFileReference; fileEncoding = 4; lastKnownFileType = sourcecode.swift; path = ImageFileManager.swift; sourceTree = "<group>"; };
		4999DA3D299C651C002114E2 /* FileManagerInterfaceProtocol.swift */ = {isa = PBXFileReference; fileEncoding = 4; lastKnownFileType = sourcecode.swift; path = FileManagerInterfaceProtocol.swift; sourceTree = "<group>"; };
		49A5D571299BD8C500AC2860 /* Pokedex-Bridging-Header.h */ = {isa = PBXFileReference; lastKnownFileType = sourcecode.c.h; path = "Pokedex-Bridging-Header.h"; sourceTree = "<group>"; };
		49A5D572299BD8C500AC2860 /* WeightConversionHelper.h */ = {isa = PBXFileReference; lastKnownFileType = sourcecode.c.h; path = WeightConversionHelper.h; sourceTree = "<group>"; };
		49A5D573299BD8C500AC2860 /* WeightConversionHelper.m */ = {isa = PBXFileReference; lastKnownFileType = sourcecode.c.objc; path = WeightConversionHelper.m; sourceTree = "<group>"; };
		49A5D57A299BFCE700AC2860 /* LengthConversionHelper.h */ = {isa = PBXFileReference; lastKnownFileType = sourcecode.c.h; path = LengthConversionHelper.h; sourceTree = "<group>"; };
		49A5D57B299BFCE700AC2860 /* LengthConversionHelper.m */ = {isa = PBXFileReference; lastKnownFileType = sourcecode.c.objc; path = LengthConversionHelper.m; sourceTree = "<group>"; };
		49A5D57E299C19FA00AC2860 /* HelperManager.h */ = {isa = PBXFileReference; lastKnownFileType = sourcecode.c.h; path = HelperManager.h; sourceTree = "<group>"; };
		49A5D57F299C19FA00AC2860 /* HelperManager.m */ = {isa = PBXFileReference; lastKnownFileType = sourcecode.c.objc; path = HelperManager.m; sourceTree = "<group>"; };
		49A5D583299C259A00AC2860 /* Images.xcassets */ = {isa = PBXFileReference; lastKnownFileType = folder.assetcatalog; path = Images.xcassets; sourceTree = "<group>"; };
		49A5D586299C25F700AC2860 /* Colors.xcassets */ = {isa = PBXFileReference; lastKnownFileType = folder.assetcatalog; path = Colors.xcassets; sourceTree = "<group>"; };
		49A5D588299C274A00AC2860 /* Images.swift */ = {isa = PBXFileReference; fileEncoding = 4; lastKnownFileType = sourcecode.swift; path = Images.swift; sourceTree = "<group>"; };
		49A5D58A299C27C100AC2860 /* Colors.swift */ = {isa = PBXFileReference; fileEncoding = 4; lastKnownFileType = sourcecode.swift; path = Colors.swift; sourceTree = "<group>"; };
		49A5D58F299C282200AC2860 /* en */ = {isa = PBXFileReference; lastKnownFileType = text.plist.strings; name = en; path = en.lproj/Localizable.strings; sourceTree = "<group>"; };
		49A5D592299C282200AC2860 /* LocalizedStrings.swift */ = {isa = PBXFileReference; fileEncoding = 4; lastKnownFileType = sourcecode.swift; path = LocalizedStrings.swift; sourceTree = "<group>"; };
		49A5D594299C282200AC2860 /* Fonts.swift */ = {isa = PBXFileReference; fileEncoding = 4; lastKnownFileType = sourcecode.swift; path = Fonts.swift; sourceTree = "<group>"; };
		49AB5936299D5F360016D76A /* PokemonTypeSelectionChipViewModel.swift */ = {isa = PBXFileReference; fileEncoding = 4; lastKnownFileType = sourcecode.swift; path = PokemonTypeSelectionChipViewModel.swift; sourceTree = "<group>"; };
		49AB5938299D5F360016D76A /* PokemonTypeSelectionChipView.swift */ = {isa = PBXFileReference; fileEncoding = 4; lastKnownFileType = sourcecode.swift; path = PokemonTypeSelectionChipView.swift; sourceTree = "<group>"; };
		49AB5940299D71170016D76A /* CornerRadius.swift */ = {isa = PBXFileReference; fileEncoding = 4; lastKnownFileType = sourcecode.swift; path = CornerRadius.swift; sourceTree = "<group>"; };
		49AB5944299D8E780016D76A /* BaseStatProgressView.swift */ = {isa = PBXFileReference; lastKnownFileType = sourcecode.swift; path = BaseStatProgressView.swift; sourceTree = "<group>"; };
		49AB5947299D938B0016D76A /* ButtonStyles.swift */ = {isa = PBXFileReference; fileEncoding = 4; lastKnownFileType = sourcecode.swift; path = ButtonStyles.swift; sourceTree = "<group>"; };
		49AB594A299D9A320016D76A /* Launch Screen.storyboard */ = {isa = PBXFileReference; lastKnownFileType = file.storyboard; path = "Launch Screen.storyboard"; sourceTree = "<group>"; };
		49EF2DD8299B0DFF00194CAF /* GetAllPokemon.graphql */ = {isa = PBXFileReference; lastKnownFileType = text; path = GetAllPokemon.graphql; sourceTree = "<group>"; };
		49EF2DDA299B0E2B00194CAF /* GetSpritesForPokemon.graphql */ = {isa = PBXFileReference; lastKnownFileType = text; path = GetSpritesForPokemon.graphql; sourceTree = "<group>"; };
		49EF2DDC299B0E5000194CAF /* GetStatsForPokemon.graphql */ = {isa = PBXFileReference; lastKnownFileType = text; path = GetStatsForPokemon.graphql; sourceTree = "<group>"; };
		49EF2E36299B148D00194CAF /* PokemonDataProvider.swift */ = {isa = PBXFileReference; lastKnownFileType = sourcecode.swift; path = PokemonDataProvider.swift; sourceTree = "<group>"; };
		49EF2E38299B14C600194CAF /* NetworkingService.swift */ = {isa = PBXFileReference; fileEncoding = 4; lastKnownFileType = sourcecode.swift; path = NetworkingService.swift; sourceTree = "<group>"; };
		49EF2E3C299B14CD00194CAF /* InjectableServices.swift */ = {isa = PBXFileReference; fileEncoding = 4; lastKnownFileType = sourcecode.swift; path = InjectableServices.swift; sourceTree = "<group>"; };
		49EF2E3F299B169400194CAF /* ApolloGraphQLServiceAdapter.swift */ = {isa = PBXFileReference; lastKnownFileType = sourcecode.swift; path = ApolloGraphQLServiceAdapter.swift; sourceTree = "<group>"; };
		49EF2E44299B1BEF00194CAF /* PokemonSchema.graphql.swift */ = {isa = PBXFileReference; fileEncoding = 4; lastKnownFileType = sourcecode.swift; path = PokemonSchema.graphql.swift; sourceTree = "<group>"; };
		49EF2E47299B1BEF00194CAF /* GetSpritesForPokemonQuery.graphql.swift */ = {isa = PBXFileReference; fileEncoding = 4; lastKnownFileType = sourcecode.swift; path = GetSpritesForPokemonQuery.graphql.swift; sourceTree = "<group>"; };
		49EF2E48299B1BEF00194CAF /* GetAllPokemonQuery.graphql.swift */ = {isa = PBXFileReference; fileEncoding = 4; lastKnownFileType = sourcecode.swift; path = GetAllPokemonQuery.graphql.swift; sourceTree = "<group>"; };
		49EF2E49299B1BEF00194CAF /* GetStatsForPokemonQuery.graphql.swift */ = {isa = PBXFileReference; fileEncoding = 4; lastKnownFileType = sourcecode.swift; path = GetStatsForPokemonQuery.graphql.swift; sourceTree = "<group>"; };
		49EF2E4C299B1BEF00194CAF /* Query_root.graphql.swift */ = {isa = PBXFileReference; fileEncoding = 4; lastKnownFileType = sourcecode.swift; path = Query_root.graphql.swift; sourceTree = "<group>"; };
		49EF2E4D299B1BEF00194CAF /* Pokemon_v2_pokemontype.graphql.swift */ = {isa = PBXFileReference; fileEncoding = 4; lastKnownFileType = sourcecode.swift; path = Pokemon_v2_pokemontype.graphql.swift; sourceTree = "<group>"; };
		49EF2E4E299B1BEF00194CAF /* Pokemon_v2_egggroup.graphql.swift */ = {isa = PBXFileReference; fileEncoding = 4; lastKnownFileType = sourcecode.swift; path = Pokemon_v2_egggroup.graphql.swift; sourceTree = "<group>"; };
		49EF2E4F299B1BEF00194CAF /* Pokemon_v2_pokemonsprites.graphql.swift */ = {isa = PBXFileReference; fileEncoding = 4; lastKnownFileType = sourcecode.swift; path = Pokemon_v2_pokemonsprites.graphql.swift; sourceTree = "<group>"; };
		49EF2E50299B1BEF00194CAF /* Pokemon_v2_pokemonegggroup.graphql.swift */ = {isa = PBXFileReference; fileEncoding = 4; lastKnownFileType = sourcecode.swift; path = Pokemon_v2_pokemonegggroup.graphql.swift; sourceTree = "<group>"; };
		49EF2E51299B1BEF00194CAF /* Pokemon_v2_type.graphql.swift */ = {isa = PBXFileReference; fileEncoding = 4; lastKnownFileType = sourcecode.swift; path = Pokemon_v2_type.graphql.swift; sourceTree = "<group>"; };
		49EF2E52299B1BEF00194CAF /* Pokemon_v2_pokemonstat.graphql.swift */ = {isa = PBXFileReference; fileEncoding = 4; lastKnownFileType = sourcecode.swift; path = Pokemon_v2_pokemonstat.graphql.swift; sourceTree = "<group>"; };
		49EF2E53299B1BEF00194CAF /* Pokemon_v2_ability.graphql.swift */ = {isa = PBXFileReference; fileEncoding = 4; lastKnownFileType = sourcecode.swift; path = Pokemon_v2_ability.graphql.swift; sourceTree = "<group>"; };
		49EF2E54299B1BEF00194CAF /* Pokemon_v2_pokemonability.graphql.swift */ = {isa = PBXFileReference; fileEncoding = 4; lastKnownFileType = sourcecode.swift; path = Pokemon_v2_pokemonability.graphql.swift; sourceTree = "<group>"; };
		49EF2E55299B1BEF00194CAF /* Pokemon_v2_pokemonspecies.graphql.swift */ = {isa = PBXFileReference; fileEncoding = 4; lastKnownFileType = sourcecode.swift; path = Pokemon_v2_pokemonspecies.graphql.swift; sourceTree = "<group>"; };
		49EF2E56299B1BEF00194CAF /* Pokemon_v2_stat.graphql.swift */ = {isa = PBXFileReference; fileEncoding = 4; lastKnownFileType = sourcecode.swift; path = Pokemon_v2_stat.graphql.swift; sourceTree = "<group>"; };
		49EF2E57299B1BEF00194CAF /* Pokemon_v2_pokemon.graphql.swift */ = {isa = PBXFileReference; fileEncoding = 4; lastKnownFileType = sourcecode.swift; path = Pokemon_v2_pokemon.graphql.swift; sourceTree = "<group>"; };
		49EF2E58299B1BEF00194CAF /* SchemaConfiguration.swift */ = {isa = PBXFileReference; fileEncoding = 4; lastKnownFileType = sourcecode.swift; path = SchemaConfiguration.swift; sourceTree = "<group>"; };
		49EF2E59299B1BEF00194CAF /* SchemaMetadata.graphql.swift */ = {isa = PBXFileReference; fileEncoding = 4; lastKnownFileType = sourcecode.swift; path = SchemaMetadata.graphql.swift; sourceTree = "<group>"; };
		49EF2E6C299B1C2D00194CAF /* MinimalPokemonModel.swift */ = {isa = PBXFileReference; lastKnownFileType = sourcecode.swift; path = MinimalPokemonModel.swift; sourceTree = "<group>"; };
		49EF2E6E299B1C3A00194CAF /* DetailedPokemonModel.swift */ = {isa = PBXFileReference; lastKnownFileType = sourcecode.swift; path = DetailedPokemonModel.swift; sourceTree = "<group>"; };
		49EF2E75299B22F800194CAF /* JSONParsingHelper+JSONEncodingHelper.swift */ = {isa = PBXFileReference; fileEncoding = 4; lastKnownFileType = sourcecode.swift; path = "JSONParsingHelper+JSONEncodingHelper.swift"; sourceTree = "<group>"; };
		49EF2E79299B300400194CAF /* SharedPokemonModelData.swift */ = {isa = PBXFileReference; lastKnownFileType = sourcecode.swift; path = SharedPokemonModelData.swift; sourceTree = "<group>"; };
		49EF2E7C299B307E00194CAF /* PokemonDataStore.swift */ = {isa = PBXFileReference; lastKnownFileType = sourcecode.swift; path = PokemonDataStore.swift; sourceTree = "<group>"; };
		49EF2E88299B3A6C00194CAF /* MainRouter.swift */ = {isa = PBXFileReference; fileEncoding = 4; lastKnownFileType = sourcecode.swift; path = MainRouter.swift; sourceTree = "<group>"; };
		49EF2E8B299B3A6C00194CAF /* Router.swift */ = {isa = PBXFileReference; fileEncoding = 4; lastKnownFileType = sourcecode.swift; path = Router.swift; sourceTree = "<group>"; };
		49EF2E8D299B3A6C00194CAF /* RoutesProtocol.swift */ = {isa = PBXFileReference; fileEncoding = 4; lastKnownFileType = sourcecode.swift; path = RoutesProtocol.swift; sourceTree = "<group>"; };
		49EF2E8E299B3A6C00194CAF /* Routes.swift */ = {isa = PBXFileReference; fileEncoding = 4; lastKnownFileType = sourcecode.swift; path = Routes.swift; sourceTree = "<group>"; };
		49EF2EA5299B3C0400194CAF /* RootCoordinatorDelegate.swift */ = {isa = PBXFileReference; fileEncoding = 4; lastKnownFileType = sourcecode.swift; path = RootCoordinatorDelegate.swift; sourceTree = "<group>"; };
		49EF2EA8299B3C0400194CAF /* RootCoordinatorDispatcher.swift */ = {isa = PBXFileReference; fileEncoding = 4; lastKnownFileType = sourcecode.swift; path = RootCoordinatorDispatcher.swift; sourceTree = "<group>"; };
		49EF2EAC299B3C0400194CAF /* MainCoordinator.swift */ = {isa = PBXFileReference; fileEncoding = 4; lastKnownFileType = sourcecode.swift; path = MainCoordinator.swift; sourceTree = "<group>"; };
		49EF2EB2299B3C0400194CAF /* MainCoordinatorView.swift */ = {isa = PBXFileReference; fileEncoding = 4; lastKnownFileType = sourcecode.swift; path = MainCoordinatorView.swift; sourceTree = "<group>"; };
		49EF2EB4299B3C0400194CAF /* SheetModifier.swift */ = {isa = PBXFileReference; fileEncoding = 4; lastKnownFileType = sourcecode.swift; path = SheetModifier.swift; sourceTree = "<group>"; };
		49EF2EB5299B3C0400194CAF /* FullScreenCoverModifier.swift */ = {isa = PBXFileReference; fileEncoding = 4; lastKnownFileType = sourcecode.swift; path = FullScreenCoverModifier.swift; sourceTree = "<group>"; };
		49EF2EB6299B3C0400194CAF /* PopoverModifier.swift */ = {isa = PBXFileReference; fileEncoding = 4; lastKnownFileType = sourcecode.swift; path = PopoverModifier.swift; sourceTree = "<group>"; };
		49EF2EB8299B3C0400194CAF /* Coordinator+RootCoordinator.swift */ = {isa = PBXFileReference; fileEncoding = 4; lastKnownFileType = sourcecode.swift; path = "Coordinator+RootCoordinator.swift"; sourceTree = "<group>"; };
		49EF2ECB299B3C6000194CAF /* Image+TextModifiers.swift */ = {isa = PBXFileReference; fileEncoding = 4; lastKnownFileType = sourcecode.swift; path = "Image+TextModifiers.swift"; sourceTree = "<group>"; };
		49EF2ECC299B3C6000194CAF /* RouterViewModifiers.swift */ = {isa = PBXFileReference; fileEncoding = 4; lastKnownFileType = sourcecode.swift; path = RouterViewModifiers.swift; sourceTree = "<group>"; };
		49EF2ECD299B3C6000194CAF /* ShapeModifiers.swift */ = {isa = PBXFileReference; fileEncoding = 4; lastKnownFileType = sourcecode.swift; path = ShapeModifiers.swift; sourceTree = "<group>"; };
		49EF2EDF299B46B800194CAF /* MainScreenViewModel.swift */ = {isa = PBXFileReference; lastKnownFileType = sourcecode.swift; path = MainScreenViewModel.swift; sourceTree = "<group>"; };
		49EF2EE2299B46F200194CAF /* AssociatedEnum.swift */ = {isa = PBXFileReference; fileEncoding = 4; lastKnownFileType = sourcecode.swift; path = AssociatedEnum.swift; sourceTree = "<group>"; };
		49EF2EE4299B46F200194CAF /* GenericViewModelProtocol.swift */ = {isa = PBXFileReference; fileEncoding = 4; lastKnownFileType = sourcecode.swift; path = GenericViewModelProtocol.swift; sourceTree = "<group>"; };
		49EF2EE8299B478000194CAF /* MainScreen.swift */ = {isa = PBXFileReference; lastKnownFileType = sourcecode.swift; path = MainScreen.swift; sourceTree = "<group>"; };
		49EF2EEA299B47C100194CAF /* PokemonDetailScreenViewModel.swift */ = {isa = PBXFileReference; lastKnownFileType = sourcecode.swift; path = PokemonDetailScreenViewModel.swift; sourceTree = "<group>"; };
		49EF2EEE299B55CB00194CAF /* PokemonDetailScreen.swift */ = {isa = PBXFileReference; lastKnownFileType = sourcecode.swift; path = PokemonDetailScreen.swift; sourceTree = "<group>"; };
/* End PBXFileReference section */

/* Begin PBXFrameworksBuildPhase section */
		49984E6E299AA05F0064DD0F /* Frameworks */ = {
			isa = PBXFrameworksBuildPhase;
			buildActionMask = 2147483647;
			files = (
				4999DA31299C62A2002114E2 /* Shimmer in Frameworks */,
				49EF2E9B299B3AF900194CAF /* OrderedCollections in Frameworks */,
				4999DA43299D4556002114E2 /* Sheathed-TextField-SwiftUI in Frameworks */,
				49984EA4299AA4BE0064DD0F /* Apollo in Frameworks */,
			);
			runOnlyForDeploymentPostprocessing = 0;
		};
		49984E7E299AA0600064DD0F /* Frameworks */ = {
			isa = PBXFrameworksBuildPhase;
			buildActionMask = 2147483647;
			files = (
			);
			runOnlyForDeploymentPostprocessing = 0;
		};
		49984E88299AA0600064DD0F /* Frameworks */ = {
			isa = PBXFrameworksBuildPhase;
			buildActionMask = 2147483647;
			files = (
			);
			runOnlyForDeploymentPostprocessing = 0;
		};
/* End PBXFrameworksBuildPhase section */

/* Begin PBXGroup section */
		49984E68299AA05F0064DD0F = {
			isa = PBXGroup;
			children = (
				49984E73299AA05F0064DD0F /* Pokedex */,
				49984E72299AA05F0064DD0F /* Products */,
			);
			sourceTree = "<group>";
		};
		49984E72299AA05F0064DD0F /* Products */ = {
			isa = PBXGroup;
			children = (
				49984E71299AA05F0064DD0F /* Pokedex.app */,
				49984E81299AA0600064DD0F /* PokedexTests.xctest */,
				49984E8B299AA0600064DD0F /* PokedexUITests.xctest */,
			);
			name = Products;
			sourceTree = "<group>";
		};
		49984E73299AA05F0064DD0F /* Pokedex */ = {
			isa = PBXGroup;
			children = (
				49AB5949299D9A1F0016D76A /* Supporting Files */,
				49984E9F299AA0730064DD0F /* Testing */,
				49984E9E299AA06A0064DD0F /* Code */,
			);
			path = Pokedex;
			sourceTree = "<group>";
		};
		49984E9E299AA06A0064DD0F /* Code */ = {
			isa = PBXGroup;
			children = (
				4999DA1B299C31DC002114E2 /* Reusable Views */,
				49A5D581299C24B500AC2860 /* Resources */,
				49A5D579299BFCA900AC2860 /* Objective C Bridging */,
				49EF2ED7299B442000194CAF /* Screens */,
				49EF2E7E299B3A5700194CAF /* Navigation */,
				49EF2E70299B22F800194CAF /* Helpers */,
				49984F05299AE1B90064DD0F /* Data Models */,
				49984EA8299AA8B90064DD0F /* Common */,
				49984EA1299AA1080064DD0F /* Core-Pokedex */,
			);
			path = Code;
			sourceTree = "<group>";
		};
		49984E9F299AA0730064DD0F /* Testing */ = {
			isa = PBXGroup;
			children = (
				49984EA0299AA07A0064DD0F /* Unit Tests */,
			);
			path = Testing;
			sourceTree = "<group>";
		};
		49984EA0299AA07A0064DD0F /* Unit Tests */ = {
			isa = PBXGroup;
			children = (
				49984E85299AA0600064DD0F /* PokedexTests.swift */,
			);
			path = "Unit Tests";
			sourceTree = "<group>";
		};
		49984EA1299AA1080064DD0F /* Core-Pokedex */ = {
			isa = PBXGroup;
			children = (
				4999DA24299C34FA002114E2 /* App Interface */,
				49EF2E30299B138A00194CAF /* Business Logic */,
				49984ED0299AAC8A0064DD0F /* Data Access */,
				49984ECA299AAA960064DD0F /* Error Management */,
			);
			path = "Core-Pokedex";
			sourceTree = "<group>";
		};
		49984EA8299AA8B90064DD0F /* Common */ = {
			isa = PBXGroup;
			children = (
				49AB5946299D938B0016D76A /* Styles */,
				49AB593D299D71170016D76A /* Structs */,
				49EF2EE1299B46F200194CAF /* Protocols */,
				49EF2ECA299B3C6000194CAF /* Modifiers */,
				49984EFB299AC9810064DD0F /* Classes */,
				49984EA9299AA8C20064DD0F /* Extensions */,
			);
			path = Common;
			sourceTree = "<group>";
		};
		49984EA9299AA8C20064DD0F /* Extensions */ = {
			isa = PBXGroup;
			children = (
				49984EAB299AA8C20064DD0F /* ViewExtensions.swift */,
				49984EAC299AA8C20064DD0F /* NumberDataTypeExtensions.swift */,
				49984EAD299AA8C20064DD0F /* UIColor+Luminosity.swift */,
				49984EAE299AA8C20064DD0F /* CommonMath.swift */,
				49984EAF299AA8C20064DD0F /* UIImage+Extension.swift */,
				49984EB0299AA8C20064DD0F /* Bool+Extensions.swift */,
				49984EB1299AA8C20064DD0F /* UIApplicationExtension.swift */,
				49984EB2299AA8C20064DD0F /* StringExtensions.swift */,
				49984EB3299AA8C20064DD0F /* SwiftUIAnimationTransitions.swift */,
				49984EB4299AA8C20064DD0F /* Optional+Extensions.swift */,
				49984EB5299AA8C20064DD0F /* URL+String+Extensions.swift */,
				49984EB6299AA8C20064DD0F /* UINavigationBar.swift */,
				49984EB7299AA8C20064DD0F /* Dictionary+Extensions.swift */,
				49984EB8299AA8C20064DD0F /* Path+QuadCurve+Extensions.swift */,
				49984EB9299AA8C20064DD0F /* Array+Tuple+Extensions.swift */,
			);
			path = Extensions;
			sourceTree = "<group>";
		};
		49984ECA299AAA960064DD0F /* Error Management */ = {
			isa = PBXGroup;
			children = (
				49984ECB299AAA960064DD0F /* ErrorCodeDispatcherProtocol.swift */,
				49984ECC299AAA960064DD0F /* ErrorCodeDispatcher.swift */,
			);
			path = "Error Management";
			sourceTree = "<group>";
		};
		49984ECF299AAB7B0064DD0F /* GraphQL */ = {
			isa = PBXGroup;
			children = (
				49EF2E43299B1BEF00194CAF /* PokemonSchema */,
				49984F07299AF2920064DD0F /* Operations */,
				49984EF4299AC8E80064DD0F /* Apollo Client */,
				49984EDC299AC0540064DD0F /* PokemonSchema.graphqls */,
			);
			path = GraphQL;
			sourceTree = "<group>";
		};
		49984ED0299AAC8A0064DD0F /* Data Access */ = {
			isa = PBXGroup;
			children = (
				49EF2E34299B145000194CAF /* Local */,
				49984ED1299AAC9C0064DD0F /* Remote */,
			);
			path = "Data Access";
			sourceTree = "<group>";
		};
		49984ED1299AAC9C0064DD0F /* Remote */ = {
			isa = PBXGroup;
			children = (
				49984ECF299AAB7B0064DD0F /* GraphQL */,
			);
			path = Remote;
			sourceTree = "<group>";
		};
		49984EF4299AC8E80064DD0F /* Apollo Client */ = {
			isa = PBXGroup;
			children = (
				49984EA6299AA5B90064DD0F /* PokedexApolloClient.swift */,
				49984EF5299AC8EF0064DD0F /* Protocols */,
			);
			path = "Apollo Client";
			sourceTree = "<group>";
		};
		49984EF5299AC8EF0064DD0F /* Protocols */ = {
			isa = PBXGroup;
			children = (
				49984F03299AE1990064DD0F /* ApolloServiceProtocol.swift */,
			);
			path = Protocols;
			sourceTree = "<group>";
		};
		49984EFB299AC9810064DD0F /* Classes */ = {
			isa = PBXGroup;
			children = (
			);
			path = Classes;
			sourceTree = "<group>";
		};
		49984F05299AE1B90064DD0F /* Data Models */ = {
			isa = PBXGroup;
			children = (
				49984F06299AE1C20064DD0F /* Pokemon */,
			);
			path = "Data Models";
			sourceTree = "<group>";
		};
		49984F06299AE1C20064DD0F /* Pokemon */ = {
			isa = PBXGroup;
			children = (
				49EF2E7B299B304400194CAF /* Shared */,
				49EF2E42299B192200194CAF /* Detail View Oriented Model */,
				49EF2E41299B191D00194CAF /* List View Oriented Model */,
			);
			path = Pokemon;
			sourceTree = "<group>";
		};
		49984F07299AF2920064DD0F /* Operations */ = {
			isa = PBXGroup;
			children = (
				49984F0A299AF2D20064DD0F /* Subscribe */,
				49984F09299AF2A40064DD0F /* Mutate */,
				49984F08299AF29D0064DD0F /* Query */,
			);
			path = Operations;
			sourceTree = "<group>";
		};
		49984F08299AF29D0064DD0F /* Query */ = {
			isa = PBXGroup;
			children = (
				49EF2DD8299B0DFF00194CAF /* GetAllPokemon.graphql */,
				49EF2DDA299B0E2B00194CAF /* GetSpritesForPokemon.graphql */,
				49EF2DDC299B0E5000194CAF /* GetStatsForPokemon.graphql */,
			);
			path = Query;
			sourceTree = "<group>";
		};
		49984F09299AF2A40064DD0F /* Mutate */ = {
			isa = PBXGroup;
			children = (
			);
			path = Mutate;
			sourceTree = "<group>";
		};
		49984F0A299AF2D20064DD0F /* Subscribe */ = {
			isa = PBXGroup;
			children = (
			);
			path = Subscribe;
			sourceTree = "<group>";
		};
		4999DA1B299C31DC002114E2 /* Reusable Views */ = {
			isa = PBXGroup;
			children = (
				4999DA27299C6265002114E2 /* Async Image Views */,
				4999DA1C299C31E7002114E2 /* Components */,
			);
			path = "Reusable Views";
			sourceTree = "<group>";
		};
		4999DA1C299C31E7002114E2 /* Components */ = {
			isa = PBXGroup;
			children = (
				49AB5943299D8E530016D76A /* Base Stat Progress View */,
				4999DA1D299C3202002114E2 /* Pokemon Grid View */,
			);
			path = Components;
			sourceTree = "<group>";
		};
		4999DA1D299C3202002114E2 /* Pokemon Grid View */ = {
			isa = PBXGroup;
			children = (
				4999DA1F299C3218002114E2 /* Views */,
				4999DA1E299C320E002114E2 /* Models */,
			);
			path = "Pokemon Grid View";
			sourceTree = "<group>";
		};
		4999DA1E299C320E002114E2 /* Models */ = {
			isa = PBXGroup;
			children = (
				4999DA22299C3237002114E2 /* PokemonGridViewModel.swift */,
			);
			path = Models;
			sourceTree = "<group>";
		};
		4999DA1F299C3218002114E2 /* Views */ = {
			isa = PBXGroup;
			children = (
				4999DA20299C322D002114E2 /* PokemonGridView.swift */,
			);
			path = Views;
			sourceTree = "<group>";
		};
		4999DA24299C34FA002114E2 /* App Interface */ = {
			isa = PBXGroup;
			children = (
				4999DA25299C3513002114E2 /* AppService.swift */,
				49984E74299AA05F0064DD0F /* PokedexApp.swift */,
			);
			path = "App Interface";
			sourceTree = "<group>";
		};
		4999DA27299C6265002114E2 /* Async Image Views */ = {
			isa = PBXGroup;
			children = (
				4999DA28299C6265002114E2 /* Pokemon Image View */,
			);
			path = "Async Image Views";
			sourceTree = "<group>";
		};
		4999DA28299C6265002114E2 /* Pokemon Image View */ = {
			isa = PBXGroup;
			children = (
				4999DA29299C6265002114E2 /* Models */,
				4999DA2B299C6265002114E2 /* Views */,
			);
			path = "Pokemon Image View";
			sourceTree = "<group>";
		};
		4999DA29299C6265002114E2 /* Models */ = {
			isa = PBXGroup;
			children = (
				4999DA2A299C6265002114E2 /* PokemonImageViewModel.swift */,
			);
			path = Models;
			sourceTree = "<group>";
		};
		4999DA2B299C6265002114E2 /* Views */ = {
			isa = PBXGroup;
			children = (
				4999DA2C299C6265002114E2 /* PokemonImageView.swift */,
			);
			path = Views;
			sourceTree = "<group>";
		};
		4999DA36299C651C002114E2 /* Cache */ = {
			isa = PBXGroup;
			children = (
				4999DA37299C651C002114E2 /* File Manager */,
			);
			path = Cache;
			sourceTree = "<group>";
		};
		4999DA37299C651C002114E2 /* File Manager */ = {
			isa = PBXGroup;
			children = (
				4999DA38299C651C002114E2 /* Director */,
				4999DA3A299C651C002114E2 /* Image File Manager */,
				4999DA3C299C651C002114E2 /* Protocol */,
			);
			path = "File Manager";
			sourceTree = "<group>";
		};
		4999DA38299C651C002114E2 /* Director */ = {
			isa = PBXGroup;
			children = (
				4999DA39299C651C002114E2 /* LocalFileDirector.swift */,
			);
			path = Director;
			sourceTree = "<group>";
		};
		4999DA3A299C651C002114E2 /* Image File Manager */ = {
			isa = PBXGroup;
			children = (
				4999DA3B299C651C002114E2 /* ImageFileManager.swift */,
			);
			path = "Image File Manager";
			sourceTree = "<group>";
		};
		4999DA3C299C651C002114E2 /* Protocol */ = {
			isa = PBXGroup;
			children = (
				4999DA3D299C651C002114E2 /* FileManagerInterfaceProtocol.swift */,
			);
			path = Protocol;
			sourceTree = "<group>";
		};
		49A5D56F299BD88700AC2860 /* Objective C */ = {
			isa = PBXGroup;
			children = (
				49A5D57D299C19C800AC2860 /* Helper Manager */,
				49A5D576299BF82D00AC2860 /* Weight Helpers */,
				49A5D575299BF80300AC2860 /* Height Helpers */,
			);
			path = "Objective C";
			sourceTree = "<group>";
		};
		49A5D570299BD88F00AC2860 /* Swift */ = {
			isa = PBXGroup;
			children = (
				49EF2E74299B22F800194CAF /* Parsing */,
			);
			path = Swift;
			sourceTree = "<group>";
		};
		49A5D575299BF80300AC2860 /* Height Helpers */ = {
			isa = PBXGroup;
			children = (
				49A5D57A299BFCE700AC2860 /* LengthConversionHelper.h */,
				49A5D57B299BFCE700AC2860 /* LengthConversionHelper.m */,
			);
			path = "Height Helpers";
			sourceTree = "<group>";
		};
		49A5D576299BF82D00AC2860 /* Weight Helpers */ = {
			isa = PBXGroup;
			children = (
				49A5D572299BD8C500AC2860 /* WeightConversionHelper.h */,
				49A5D573299BD8C500AC2860 /* WeightConversionHelper.m */,
			);
			path = "Weight Helpers";
			sourceTree = "<group>";
		};
		49A5D579299BFCA900AC2860 /* Objective C Bridging */ = {
			isa = PBXGroup;
			children = (
				49A5D571299BD8C500AC2860 /* Pokedex-Bridging-Header.h */,
			);
			path = "Objective C Bridging";
			sourceTree = "<group>";
		};
		49A5D57D299C19C800AC2860 /* Helper Manager */ = {
			isa = PBXGroup;
			children = (
				49A5D57E299C19FA00AC2860 /* HelperManager.h */,
				49A5D57F299C19FA00AC2860 /* HelperManager.m */,
			);
			path = "Helper Manager";
			sourceTree = "<group>";
		};
		49A5D581299C24B500AC2860 /* Resources */ = {
			isa = PBXGroup;
			children = (
				49A5D58C299C282200AC2860 /* Text */,
				49A5D585299C25E700AC2860 /* Colors */,
				49A5D582299C254C00AC2860 /* Images */,
			);
			path = Resources;
			sourceTree = "<group>";
		};
		49A5D582299C254C00AC2860 /* Images */ = {
			isa = PBXGroup;
			children = (
				49A5D588299C274A00AC2860 /* Images.swift */,
				49A5D583299C259A00AC2860 /* Images.xcassets */,
			);
			path = Images;
			sourceTree = "<group>";
		};
		49A5D585299C25E700AC2860 /* Colors */ = {
			isa = PBXGroup;
			children = (
				49A5D58A299C27C100AC2860 /* Colors.swift */,
				49A5D586299C25F700AC2860 /* Colors.xcassets */,
			);
			path = Colors;
			sourceTree = "<group>";
		};
		49A5D58C299C282200AC2860 /* Text */ = {
			isa = PBXGroup;
			children = (
				49A5D58D299C282200AC2860 /* Localized Strings */,
				49A5D593299C282200AC2860 /* Fonts */,
			);
			path = Text;
			sourceTree = "<group>";
		};
		49A5D58D299C282200AC2860 /* Localized Strings */ = {
			isa = PBXGroup;
			children = (
				49A5D58E299C282200AC2860 /* Localizable.strings */,
				49A5D592299C282200AC2860 /* LocalizedStrings.swift */,
			);
			path = "Localized Strings";
			sourceTree = "<group>";
		};
		49A5D593299C282200AC2860 /* Fonts */ = {
			isa = PBXGroup;
			children = (
				49A5D594299C282200AC2860 /* Fonts.swift */,
			);
			path = Fonts;
			sourceTree = "<group>";
		};
		49AB5934299D5F360016D76A /* Pokemon Type Filtering */ = {
			isa = PBXGroup;
			children = (
				49AB5935299D5F360016D76A /* Models */,
				49AB5937299D5F360016D76A /* Views */,
			);
			path = "Pokemon Type Filtering";
			sourceTree = "<group>";
		};
		49AB5935299D5F360016D76A /* Models */ = {
			isa = PBXGroup;
			children = (
				49AB5936299D5F360016D76A /* PokemonTypeSelectionChipViewModel.swift */,
			);
			path = Models;
			sourceTree = "<group>";
		};
		49AB5937299D5F360016D76A /* Views */ = {
			isa = PBXGroup;
			children = (
				49AB5938299D5F360016D76A /* PokemonTypeSelectionChipView.swift */,
			);
			path = Views;
			sourceTree = "<group>";
		};
		49AB593D299D71170016D76A /* Structs */ = {
			isa = PBXGroup;
			children = (
				49AB593E299D71170016D76A /* SwiftUI */,
			);
			path = Structs;
			sourceTree = "<group>";
		};
		49AB593E299D71170016D76A /* SwiftUI */ = {
			isa = PBXGroup;
			children = (
				49AB5940299D71170016D76A /* CornerRadius.swift */,
			);
			path = SwiftUI;
			sourceTree = "<group>";
		};
		49AB5943299D8E530016D76A /* Base Stat Progress View */ = {
			isa = PBXGroup;
			children = (
				49AB5944299D8E780016D76A /* BaseStatProgressView.swift */,
			);
			path = "Base Stat Progress View";
			sourceTree = "<group>";
		};
		49AB5946299D938B0016D76A /* Styles */ = {
			isa = PBXGroup;
			children = (
				49AB5947299D938B0016D76A /* ButtonStyles.swift */,
			);
			path = Styles;
			sourceTree = "<group>";
		};
		49AB5949299D9A1F0016D76A /* Supporting Files */ = {
			isa = PBXGroup;
			children = (
				49AB594A299D9A320016D76A /* Launch Screen.storyboard */,
			);
			path = "Supporting Files";
			sourceTree = "<group>";
		};
		49EF2E30299B138A00194CAF /* Business Logic */ = {
			isa = PBXGroup;
			children = (
				49EF2E3A299B14CD00194CAF /* Dependency Injection */,
				49EF2E33299B144000194CAF /* Services */,
				49EF2E31299B141800194CAF /* Data Providers */,
			);
			path = "Business Logic";
			sourceTree = "<group>";
		};
		49EF2E31299B141800194CAF /* Data Providers */ = {
			isa = PBXGroup;
			children = (
				49EF2E36299B148D00194CAF /* PokemonDataProvider.swift */,
			);
			path = "Data Providers";
			sourceTree = "<group>";
		};
		49EF2E33299B144000194CAF /* Services */ = {
			isa = PBXGroup;
			children = (
				4999DA34299C64D6002114E2 /* ImageDownloaderService.swift */,
				49EF2E3E299B166600194CAF /* Service Adapters */,
				49EF2E38299B14C600194CAF /* NetworkingService.swift */,
			);
			path = Services;
			sourceTree = "<group>";
		};
		49EF2E34299B145000194CAF /* Local */ = {
			isa = PBXGroup;
			children = (
				4999DA36299C651C002114E2 /* Cache */,
				49EF2E35299B145E00194CAF /* Stores */,
			);
			path = Local;
			sourceTree = "<group>";
		};
		49EF2E35299B145E00194CAF /* Stores */ = {
			isa = PBXGroup;
			children = (
				4999DA32299C6311002114E2 /* PokemonImageFetcher.swift */,
				49EF2E7C299B307E00194CAF /* PokemonDataStore.swift */,
			);
			path = Stores;
			sourceTree = "<group>";
		};
		49EF2E3A299B14CD00194CAF /* Dependency Injection */ = {
			isa = PBXGroup;
			children = (
				49EF2E3B299B14CD00194CAF /* Protocols */,
			);
			path = "Dependency Injection";
			sourceTree = "<group>";
		};
		49EF2E3B299B14CD00194CAF /* Protocols */ = {
			isa = PBXGroup;
			children = (
				49EF2E3C299B14CD00194CAF /* InjectableServices.swift */,
			);
			path = Protocols;
			sourceTree = "<group>";
		};
		49EF2E3E299B166600194CAF /* Service Adapters */ = {
			isa = PBXGroup;
			children = (
				49EF2E3F299B169400194CAF /* ApolloGraphQLServiceAdapter.swift */,
			);
			path = "Service Adapters";
			sourceTree = "<group>";
		};
		49EF2E41299B191D00194CAF /* List View Oriented Model */ = {
			isa = PBXGroup;
			children = (
				49EF2E6C299B1C2D00194CAF /* MinimalPokemonModel.swift */,
			);
			path = "List View Oriented Model";
			sourceTree = "<group>";
		};
		49EF2E42299B192200194CAF /* Detail View Oriented Model */ = {
			isa = PBXGroup;
			children = (
				49EF2E6E299B1C3A00194CAF /* DetailedPokemonModel.swift */,
			);
			path = "Detail View Oriented Model";
			sourceTree = "<group>";
		};
		49EF2E43299B1BEF00194CAF /* PokemonSchema */ = {
			isa = PBXGroup;
			children = (
				49EF2E44299B1BEF00194CAF /* PokemonSchema.graphql.swift */,
				49EF2E45299B1BEF00194CAF /* Operations */,
				49EF2E4A299B1BEF00194CAF /* Schema */,
			);
			path = PokemonSchema;
			sourceTree = SOURCE_ROOT;
		};
		49EF2E45299B1BEF00194CAF /* Operations */ = {
			isa = PBXGroup;
			children = (
				49EF2E46299B1BEF00194CAF /* Queries */,
			);
			path = Operations;
			sourceTree = "<group>";
		};
		49EF2E46299B1BEF00194CAF /* Queries */ = {
			isa = PBXGroup;
			children = (
				49EF2E47299B1BEF00194CAF /* GetSpritesForPokemonQuery.graphql.swift */,
				49EF2E48299B1BEF00194CAF /* GetAllPokemonQuery.graphql.swift */,
				49EF2E49299B1BEF00194CAF /* GetStatsForPokemonQuery.graphql.swift */,
			);
			path = Queries;
			sourceTree = "<group>";
		};
		49EF2E4A299B1BEF00194CAF /* Schema */ = {
			isa = PBXGroup;
			children = (
				49EF2E4B299B1BEF00194CAF /* Objects */,
				49EF2E58299B1BEF00194CAF /* SchemaConfiguration.swift */,
				49EF2E59299B1BEF00194CAF /* SchemaMetadata.graphql.swift */,
			);
			path = Schema;
			sourceTree = "<group>";
		};
		49EF2E4B299B1BEF00194CAF /* Objects */ = {
			isa = PBXGroup;
			children = (
				49EF2E4C299B1BEF00194CAF /* Query_root.graphql.swift */,
				49EF2E4D299B1BEF00194CAF /* Pokemon_v2_pokemontype.graphql.swift */,
				49EF2E4E299B1BEF00194CAF /* Pokemon_v2_egggroup.graphql.swift */,
				49EF2E4F299B1BEF00194CAF /* Pokemon_v2_pokemonsprites.graphql.swift */,
				49EF2E50299B1BEF00194CAF /* Pokemon_v2_pokemonegggroup.graphql.swift */,
				49EF2E51299B1BEF00194CAF /* Pokemon_v2_type.graphql.swift */,
				49EF2E52299B1BEF00194CAF /* Pokemon_v2_pokemonstat.graphql.swift */,
				49EF2E53299B1BEF00194CAF /* Pokemon_v2_ability.graphql.swift */,
				49EF2E54299B1BEF00194CAF /* Pokemon_v2_pokemonability.graphql.swift */,
				49EF2E55299B1BEF00194CAF /* Pokemon_v2_pokemonspecies.graphql.swift */,
				49EF2E56299B1BEF00194CAF /* Pokemon_v2_stat.graphql.swift */,
				49EF2E57299B1BEF00194CAF /* Pokemon_v2_pokemon.graphql.swift */,
			);
			path = Objects;
			sourceTree = "<group>";
		};
		49EF2E70299B22F800194CAF /* Helpers */ = {
			isa = PBXGroup;
			children = (
				49A5D570299BD88F00AC2860 /* Swift */,
				49A5D56F299BD88700AC2860 /* Objective C */,
			);
			path = Helpers;
			sourceTree = "<group>";
		};
		49EF2E74299B22F800194CAF /* Parsing */ = {
			isa = PBXGroup;
			children = (
				49EF2E75299B22F800194CAF /* JSONParsingHelper+JSONEncodingHelper.swift */,
			);
			path = Parsing;
			sourceTree = "<group>";
		};
		49EF2E7B299B304400194CAF /* Shared */ = {
			isa = PBXGroup;
			children = (
				49EF2E79299B300400194CAF /* SharedPokemonModelData.swift */,
			);
			path = Shared;
			sourceTree = "<group>";
		};
		49EF2E7E299B3A5700194CAF /* Navigation */ = {
			isa = PBXGroup;
			children = (
				49EF2E9C299B3C0400194CAF /* SwiftUI Coordinator */,
				49EF2E7F299B3A6C00194CAF /* Router */,
			);
			path = Navigation;
			sourceTree = "<group>";
		};
		49EF2E7F299B3A6C00194CAF /* Router */ = {
			isa = PBXGroup;
			children = (
				49EF2E80299B3A6C00194CAF /* Routers */,
				49EF2E8A299B3A6C00194CAF /* Protocol */,
				49EF2E8C299B3A6C00194CAF /* Routes */,
			);
			path = Router;
			sourceTree = "<group>";
		};
		49EF2E80299B3A6C00194CAF /* Routers */ = {
			isa = PBXGroup;
			children = (
				49EF2E86299B3A6C00194CAF /* Root Routers */,
			);
			path = Routers;
			sourceTree = "<group>";
		};
		49EF2E86299B3A6C00194CAF /* Root Routers */ = {
			isa = PBXGroup;
			children = (
				49EF2E88299B3A6C00194CAF /* MainRouter.swift */,
			);
			path = "Root Routers";
			sourceTree = "<group>";
		};
		49EF2E8A299B3A6C00194CAF /* Protocol */ = {
			isa = PBXGroup;
			children = (
				49EF2E8B299B3A6C00194CAF /* Router.swift */,
			);
			path = Protocol;
			sourceTree = "<group>";
		};
		49EF2E8C299B3A6C00194CAF /* Routes */ = {
			isa = PBXGroup;
			children = (
				49EF2E8D299B3A6C00194CAF /* RoutesProtocol.swift */,
				49EF2E8E299B3A6C00194CAF /* Routes.swift */,
			);
			path = Routes;
			sourceTree = "<group>";
		};
		49EF2E9C299B3C0400194CAF /* SwiftUI Coordinator */ = {
			isa = PBXGroup;
			children = (
				49EF2E9D299B3C0400194CAF /* Coordinators */,
				49EF2EB3299B3C0400194CAF /* Presentation Modifiers */,
				49EF2EB7299B3C0400194CAF /* Protocol */,
			);
			path = "SwiftUI Coordinator";
			sourceTree = "<group>";
		};
		49EF2E9D299B3C0400194CAF /* Coordinators */ = {
			isa = PBXGroup;
			children = (
				49EF2EA3299B3C0400194CAF /* Root */,
			);
			path = Coordinators;
			sourceTree = "<group>";
		};
		49EF2EA3299B3C0400194CAF /* Root */ = {
			isa = PBXGroup;
			children = (
				49EF2EA4299B3C0400194CAF /* Delegate */,
				49EF2EA6299B3C0400194CAF /* Dispatchers */,
				49EF2EAB299B3C0400194CAF /* Main */,
				49EF2EAF299B3C0400194CAF /* Root Views */,
			);
			path = Root;
			sourceTree = "<group>";
		};
		49EF2EA4299B3C0400194CAF /* Delegate */ = {
			isa = PBXGroup;
			children = (
				49EF2EA5299B3C0400194CAF /* RootCoordinatorDelegate.swift */,
			);
			path = Delegate;
			sourceTree = "<group>";
		};
		49EF2EA6299B3C0400194CAF /* Dispatchers */ = {
			isa = PBXGroup;
			children = (
				49EF2EA8299B3C0400194CAF /* RootCoordinatorDispatcher.swift */,
			);
			path = Dispatchers;
			sourceTree = "<group>";
		};
		49EF2EAB299B3C0400194CAF /* Main */ = {
			isa = PBXGroup;
			children = (
				49EF2EAC299B3C0400194CAF /* MainCoordinator.swift */,
			);
			path = Main;
			sourceTree = "<group>";
		};
		49EF2EAF299B3C0400194CAF /* Root Views */ = {
			isa = PBXGroup;
			children = (
				49EF2EB2299B3C0400194CAF /* MainCoordinatorView.swift */,
			);
			path = "Root Views";
			sourceTree = "<group>";
		};
		49EF2EB3299B3C0400194CAF /* Presentation Modifiers */ = {
			isa = PBXGroup;
			children = (
				49EF2EB4299B3C0400194CAF /* SheetModifier.swift */,
				49EF2EB5299B3C0400194CAF /* FullScreenCoverModifier.swift */,
				49EF2EB6299B3C0400194CAF /* PopoverModifier.swift */,
			);
			path = "Presentation Modifiers";
			sourceTree = "<group>";
		};
		49EF2EB7299B3C0400194CAF /* Protocol */ = {
			isa = PBXGroup;
			children = (
				49EF2EB8299B3C0400194CAF /* Coordinator+RootCoordinator.swift */,
			);
			path = Protocol;
			sourceTree = "<group>";
		};
		49EF2ECA299B3C6000194CAF /* Modifiers */ = {
			isa = PBXGroup;
			children = (
				49EF2ECB299B3C6000194CAF /* Image+TextModifiers.swift */,
				49EF2ECC299B3C6000194CAF /* RouterViewModifiers.swift */,
				49EF2ECD299B3C6000194CAF /* ShapeModifiers.swift */,
			);
			path = Modifiers;
			sourceTree = "<group>";
		};
		49EF2ED7299B442000194CAF /* Screens */ = {
			isa = PBXGroup;
			children = (
				49EF2ED8299B448B00194CAF /* Main Scene */,
			);
			path = Screens;
			sourceTree = "<group>";
		};
		49EF2ED8299B448B00194CAF /* Main Scene */ = {
			isa = PBXGroup;
			children = (
				49EF2EDA299B45A500194CAF /* Pokemon Detail Screen */,
				49EF2ED9299B44AD00194CAF /* Main Screen */,
			);
			path = "Main Scene";
			sourceTree = "<group>";
		};
		49EF2ED9299B44AD00194CAF /* Main Screen */ = {
			isa = PBXGroup;
			children = (
				49AB5934299D5F360016D76A /* Pokemon Type Filtering */,
				49EF2EDC299B465400194CAF /* Views */,
				49EF2EDB299B464D00194CAF /* Models */,
			);
			path = "Main Screen";
			sourceTree = "<group>";
		};
		49EF2EDA299B45A500194CAF /* Pokemon Detail Screen */ = {
			isa = PBXGroup;
			children = (
				49EF2EDE299B466000194CAF /* Views */,
				49EF2EDD299B465900194CAF /* Models */,
			);
			path = "Pokemon Detail Screen";
			sourceTree = "<group>";
		};
		49EF2EDB299B464D00194CAF /* Models */ = {
			isa = PBXGroup;
			children = (
				49EF2EDF299B46B800194CAF /* MainScreenViewModel.swift */,
			);
			path = Models;
			sourceTree = "<group>";
		};
		49EF2EDC299B465400194CAF /* Views */ = {
			isa = PBXGroup;
			children = (
				49EF2EE8299B478000194CAF /* MainScreen.swift */,
			);
			path = Views;
			sourceTree = "<group>";
		};
		49EF2EDD299B465900194CAF /* Models */ = {
			isa = PBXGroup;
			children = (
				49EF2EEA299B47C100194CAF /* PokemonDetailScreenViewModel.swift */,
			);
			path = Models;
			sourceTree = "<group>";
		};
		49EF2EDE299B466000194CAF /* Views */ = {
			isa = PBXGroup;
			children = (
				49EF2EEE299B55CB00194CAF /* PokemonDetailScreen.swift */,
			);
			path = Views;
			sourceTree = "<group>";
		};
		49EF2EE1299B46F200194CAF /* Protocols */ = {
			isa = PBXGroup;
			children = (
				49EF2EE2299B46F200194CAF /* AssociatedEnum.swift */,
				49EF2EE4299B46F200194CAF /* GenericViewModelProtocol.swift */,
			);
			path = Protocols;
			sourceTree = "<group>";
		};
/* End PBXGroup section */

/* Begin PBXNativeTarget section */
		49984E70299AA05F0064DD0F /* Pokedex */ = {
			isa = PBXNativeTarget;
			buildConfigurationList = 49984E95299AA0600064DD0F /* Build configuration list for PBXNativeTarget "Pokedex" */;
			buildPhases = (
				49984E6D299AA05F0064DD0F /* Sources */,
				49984E6E299AA05F0064DD0F /* Frameworks */,
				49984E6F299AA05F0064DD0F /* Resources */,
			);
			buildRules = (
			);
			dependencies = (
			);
			name = Pokedex;
			packageProductDependencies = (
				49984EA3299AA4BE0064DD0F /* Apollo */,
				49EF2E9A299B3AF900194CAF /* OrderedCollections */,
				4999DA30299C62A2002114E2 /* Shimmer */,
				4999DA42299D4556002114E2 /* Sheathed-TextField-SwiftUI */,
			);
			productName = Pokedex;
			productReference = 49984E71299AA05F0064DD0F /* Pokedex.app */;
			productType = "com.apple.product-type.application";
		};
		49984E80299AA0600064DD0F /* PokedexTests */ = {
			isa = PBXNativeTarget;
			buildConfigurationList = 49984E98299AA0600064DD0F /* Build configuration list for PBXNativeTarget "PokedexTests" */;
			buildPhases = (
				49984E7D299AA0600064DD0F /* Sources */,
				49984E7E299AA0600064DD0F /* Frameworks */,
				49984E7F299AA0600064DD0F /* Resources */,
			);
			buildRules = (
			);
			dependencies = (
				49984E83299AA0600064DD0F /* PBXTargetDependency */,
			);
			name = PokedexTests;
			productName = PokedexTests;
			productReference = 49984E81299AA0600064DD0F /* PokedexTests.xctest */;
			productType = "com.apple.product-type.bundle.unit-test";
		};
		49984E8A299AA0600064DD0F /* PokedexUITests */ = {
			isa = PBXNativeTarget;
			buildConfigurationList = 49984E9B299AA0600064DD0F /* Build configuration list for PBXNativeTarget "PokedexUITests" */;
			buildPhases = (
				49984E87299AA0600064DD0F /* Sources */,
				49984E88299AA0600064DD0F /* Frameworks */,
				49984E89299AA0600064DD0F /* Resources */,
			);
			buildRules = (
			);
			dependencies = (
				49984E8D299AA0600064DD0F /* PBXTargetDependency */,
			);
			name = PokedexUITests;
			productName = PokedexUITests;
			productReference = 49984E8B299AA0600064DD0F /* PokedexUITests.xctest */;
			productType = "com.apple.product-type.bundle.ui-testing";
		};
/* End PBXNativeTarget section */

/* Begin PBXProject section */
		49984E69299AA05F0064DD0F /* Project object */ = {
			isa = PBXProject;
			attributes = {
				BuildIndependentTargetsInParallel = 1;
				LastSwiftUpdateCheck = 1400;
				LastUpgradeCheck = 1400;
				TargetAttributes = {
					49984E70299AA05F0064DD0F = {
						CreatedOnToolsVersion = 14.0.1;
						LastSwiftMigration = 1400;
					};
					49984E80299AA0600064DD0F = {
						CreatedOnToolsVersion = 14.0.1;
						TestTargetID = 49984E70299AA05F0064DD0F;
					};
					49984E8A299AA0600064DD0F = {
						CreatedOnToolsVersion = 14.0.1;
						TestTargetID = 49984E70299AA05F0064DD0F;
					};
				};
			};
			buildConfigurationList = 49984E6C299AA05F0064DD0F /* Build configuration list for PBXProject "Pokedex" */;
			compatibilityVersion = "Xcode 14.0";
			developmentRegion = en;
			hasScannedForEncodings = 0;
			knownRegions = (
				en,
				Base,
			);
			mainGroup = 49984E68299AA05F0064DD0F;
			packageReferences = (
				49984EA2299AA4BE0064DD0F /* XCRemoteSwiftPackageReference "apollo-ios" */,
				49EF2E99299B3AF900194CAF /* XCRemoteSwiftPackageReference "swift-collections" */,
				4999DA2F299C62A2002114E2 /* XCRemoteSwiftPackageReference "SwiftUI-Shimmer" */,
				4999DA41299D4556002114E2 /* XCRemoteSwiftPackageReference "Sheathed-TextField-SwiftUI" */,
			);
			productRefGroup = 49984E72299AA05F0064DD0F /* Products */;
			projectDirPath = "";
			projectRoot = "";
			targets = (
				49984E70299AA05F0064DD0F /* Pokedex */,
				49984E80299AA0600064DD0F /* PokedexTests */,
				49984E8A299AA0600064DD0F /* PokedexUITests */,
			);
		};
/* End PBXProject section */

/* Begin PBXResourcesBuildPhase section */
		49984E6F299AA05F0064DD0F /* Resources */ = {
			isa = PBXResourcesBuildPhase;
			buildActionMask = 2147483647;
			files = (
				49A5D59E299C2BD800AC2860 /* Localizable.strings in Resources */,
				49A5D59F299C2BD800AC2860 /* Colors.xcassets in Resources */,
				49AB594B299D9A320016D76A /* Launch Screen.storyboard in Resources */,
				49A5D5A0299C2BD800AC2860 /* Images.xcassets in Resources */,
				49984EDD299AC0540064DD0F /* PokemonSchema.graphqls in Resources */,
				49EF2DD9299B0DFF00194CAF /* GetAllPokemon.graphql in Resources */,
				49EF2DDB299B0E2B00194CAF /* GetSpritesForPokemon.graphql in Resources */,
				49EF2DDD299B0E5000194CAF /* GetStatsForPokemon.graphql in Resources */,
			);
			runOnlyForDeploymentPostprocessing = 0;
		};
		49984E7F299AA0600064DD0F /* Resources */ = {
			isa = PBXResourcesBuildPhase;
			buildActionMask = 2147483647;
			files = (
			);
			runOnlyForDeploymentPostprocessing = 0;
		};
		49984E89299AA0600064DD0F /* Resources */ = {
			isa = PBXResourcesBuildPhase;
			buildActionMask = 2147483647;
			files = (
			);
			runOnlyForDeploymentPostprocessing = 0;
		};
/* End PBXResourcesBuildPhase section */

/* Begin PBXSourcesBuildPhase section */
		49984E6D299AA05F0064DD0F /* Sources */ = {
			isa = PBXSourcesBuildPhase;
			buildActionMask = 2147483647;
			files = (
				49984ECE299AAA960064DD0F /* ErrorCodeDispatcher.swift in Sources */,
				4999DA33299C6311002114E2 /* PokemonImageFetcher.swift in Sources */,
				4999DA2D299C6265002114E2 /* PokemonImageViewModel.swift in Sources */,
				49EF2E61299B1BEF00194CAF /* Pokemon_v2_pokemonsprites.graphql.swift in Sources */,
				49984EA7299AA5B90064DD0F /* PokedexApolloClient.swift in Sources */,
				49A5D574299BD8C500AC2860 /* WeightConversionHelper.m in Sources */,
				49EF2E64299B1BEF00194CAF /* Pokemon_v2_pokemonstat.graphql.swift in Sources */,
				49EF2EE5299B46F200194CAF /* AssociatedEnum.swift in Sources */,
				49EF2E94299B3A6C00194CAF /* MainRouter.swift in Sources */,
				49EF2EBF299B3C0400194CAF /* RootCoordinatorDispatcher.swift in Sources */,
				49AB5945299D8E780016D76A /* BaseStatProgressView.swift in Sources */,
				49EF2EEB299B47C100194CAF /* PokemonDetailScreenViewModel.swift in Sources */,
				49EF2EE9299B478000194CAF /* MainScreen.swift in Sources */,
				49AB5948299D938B0016D76A /* ButtonStyles.swift in Sources */,
				49EF2E37299B148D00194CAF /* PokemonDataProvider.swift in Sources */,
				49EF2EE7299B46F200194CAF /* GenericViewModelProtocol.swift in Sources */,
				49984F04299AE1990064DD0F /* ApolloServiceProtocol.swift in Sources */,
				49A5D589299C274A00AC2860 /* Images.swift in Sources */,
				4999DA21299C322D002114E2 /* PokemonGridView.swift in Sources */,
				49EF2EC9299B3C0400194CAF /* Coordinator+RootCoordinator.swift in Sources */,
				49EF2E66299B1BEF00194CAF /* Pokemon_v2_pokemonability.graphql.swift in Sources */,
				49EF2E5C299B1BEF00194CAF /* GetAllPokemonQuery.graphql.swift in Sources */,
				49984EC9299AA8C20064DD0F /* Array+Tuple+Extensions.swift in Sources */,
				49A5D597299C282200AC2860 /* LocalizedStrings.swift in Sources */,
				4999DA2E299C6265002114E2 /* PokemonImageView.swift in Sources */,
				49A5D580299C19FA00AC2860 /* HelperManager.m in Sources */,
				49EF2EC1299B3C0400194CAF /* MainCoordinator.swift in Sources */,
				49984EC1299AA8C20064DD0F /* UIApplicationExtension.swift in Sources */,
				49EF2EC6299B3C0400194CAF /* SheetModifier.swift in Sources */,
				49984EC4299AA8C20064DD0F /* Optional+Extensions.swift in Sources */,
				49984EBB299AA8C20064DD0F /* ViewExtensions.swift in Sources */,
				49EF2E60299B1BEF00194CAF /* Pokemon_v2_egggroup.graphql.swift in Sources */,
				49984EBF299AA8C20064DD0F /* UIImage+Extension.swift in Sources */,
				49EF2EC8299B3C0400194CAF /* PopoverModifier.swift in Sources */,
				49EF2E7A299B300400194CAF /* SharedPokemonModelData.swift in Sources */,
				49EF2E63299B1BEF00194CAF /* Pokemon_v2_type.graphql.swift in Sources */,
				4999DA26299C3513002114E2 /* AppService.swift in Sources */,
				49984EBC299AA8C20064DD0F /* NumberDataTypeExtensions.swift in Sources */,
				49A5D598299C282200AC2860 /* Fonts.swift in Sources */,
				49EF2EC5299B3C0400194CAF /* MainCoordinatorView.swift in Sources */,
				49EF2E7D299B307E00194CAF /* PokemonDataStore.swift in Sources */,
				49EF2E96299B3A6C00194CAF /* Router.swift in Sources */,
				49EF2E6D299B1C2D00194CAF /* MinimalPokemonModel.swift in Sources */,
				49EF2E6B299B1BEF00194CAF /* SchemaMetadata.graphql.swift in Sources */,
				49EF2E98299B3A6C00194CAF /* Routes.swift in Sources */,
				4999DA3F299C651C002114E2 /* ImageFileManager.swift in Sources */,
				49984EC7299AA8C20064DD0F /* Dictionary+Extensions.swift in Sources */,
				49A5D58B299C27C100AC2860 /* Colors.swift in Sources */,
				4999DA3E299C651C002114E2 /* LocalFileDirector.swift in Sources */,
				49EF2E3D299B14CD00194CAF /* InjectableServices.swift in Sources */,
				49EF2E6A299B1BEF00194CAF /* SchemaConfiguration.swift in Sources */,
				49984ECD299AAA960064DD0F /* ErrorCodeDispatcherProtocol.swift in Sources */,
				49AB593B299D5F360016D76A /* PokemonTypeSelectionChipView.swift in Sources */,
				49EF2E5E299B1BEF00194CAF /* Query_root.graphql.swift in Sources */,
				49EF2E78299B22F800194CAF /* JSONParsingHelper+JSONEncodingHelper.swift in Sources */,
				49EF2E6F299B1C3B00194CAF /* DetailedPokemonModel.swift in Sources */,
				49EF2ED2299B3C6000194CAF /* RouterViewModifiers.swift in Sources */,
				49984EC2299AA8C20064DD0F /* StringExtensions.swift in Sources */,
				4999DA23299C3237002114E2 /* PokemonGridViewModel.swift in Sources */,
				49984EBD299AA8C20064DD0F /* UIColor+Luminosity.swift in Sources */,
				49EF2E97299B3A6C00194CAF /* RoutesProtocol.swift in Sources */,
				49984EC6299AA8C20064DD0F /* UINavigationBar.swift in Sources */,
				49984EBE299AA8C20064DD0F /* CommonMath.swift in Sources */,
				49EF2E40299B169400194CAF /* ApolloGraphQLServiceAdapter.swift in Sources */,
				49EF2E67299B1BEF00194CAF /* Pokemon_v2_pokemonspecies.graphql.swift in Sources */,
				49984EC5299AA8C20064DD0F /* URL+String+Extensions.swift in Sources */,
				49EF2E62299B1BEF00194CAF /* Pokemon_v2_pokemonegggroup.graphql.swift in Sources */,
				49EF2E65299B1BEF00194CAF /* Pokemon_v2_ability.graphql.swift in Sources */,
				49EF2E5A299B1BEF00194CAF /* PokemonSchema.graphql.swift in Sources */,
				49EF2E68299B1BEF00194CAF /* Pokemon_v2_stat.graphql.swift in Sources */,
				49EF2E5F299B1BEF00194CAF /* Pokemon_v2_pokemontype.graphql.swift in Sources */,
				4999DA40299C651C002114E2 /* FileManagerInterfaceProtocol.swift in Sources */,
				49EF2EE0299B46B800194CAF /* MainScreenViewModel.swift in Sources */,
				49EF2E69299B1BEF00194CAF /* Pokemon_v2_pokemon.graphql.swift in Sources */,
				49984EC8299AA8C20064DD0F /* Path+QuadCurve+Extensions.swift in Sources */,
				49EF2E5B299B1BEF00194CAF /* GetSpritesForPokemonQuery.graphql.swift in Sources */,
				49EF2E39299B14C600194CAF /* NetworkingService.swift in Sources */,
				49EF2EBD299B3C0400194CAF /* RootCoordinatorDelegate.swift in Sources */,
				4999DA35299C64D6002114E2 /* ImageDownloaderService.swift in Sources */,
				49AB5942299D71170016D76A /* CornerRadius.swift in Sources */,
				49984E75299AA05F0064DD0F /* PokedexApp.swift in Sources */,
				49EF2ED1299B3C6000194CAF /* Image+TextModifiers.swift in Sources */,
				49984EC0299AA8C20064DD0F /* Bool+Extensions.swift in Sources */,
				49A5D57C299BFCE700AC2860 /* LengthConversionHelper.m in Sources */,
				49EF2ED3299B3C6000194CAF /* ShapeModifiers.swift in Sources */,
				49EF2EEF299B55CB00194CAF /* PokemonDetailScreen.swift in Sources */,
				49EF2E5D299B1BEF00194CAF /* GetStatsForPokemonQuery.graphql.swift in Sources */,
				49984EC3299AA8C20064DD0F /* SwiftUIAnimationTransitions.swift in Sources */,
				49AB593A299D5F360016D76A /* PokemonTypeSelectionChipViewModel.swift in Sources */,
				49EF2EC7299B3C0400194CAF /* FullScreenCoverModifier.swift in Sources */,
			);
			runOnlyForDeploymentPostprocessing = 0;
		};
		49984E7D299AA0600064DD0F /* Sources */ = {
			isa = PBXSourcesBuildPhase;
			buildActionMask = 2147483647;
			files = (
				49984E86299AA0600064DD0F /* PokedexTests.swift in Sources */,
			);
			runOnlyForDeploymentPostprocessing = 0;
		};
		49984E87299AA0600064DD0F /* Sources */ = {
			isa = PBXSourcesBuildPhase;
			buildActionMask = 2147483647;
			files = (
			);
			runOnlyForDeploymentPostprocessing = 0;
		};
/* End PBXSourcesBuildPhase section */

/* Begin PBXTargetDependency section */
		49984E83299AA0600064DD0F /* PBXTargetDependency */ = {
			isa = PBXTargetDependency;
			target = 49984E70299AA05F0064DD0F /* Pokedex */;
			targetProxy = 49984E82299AA0600064DD0F /* PBXContainerItemProxy */;
		};
		49984E8D299AA0600064DD0F /* PBXTargetDependency */ = {
			isa = PBXTargetDependency;
			target = 49984E70299AA05F0064DD0F /* Pokedex */;
			targetProxy = 49984E8C299AA0600064DD0F /* PBXContainerItemProxy */;
		};
/* End PBXTargetDependency section */

/* Begin PBXVariantGroup section */
		49A5D58E299C282200AC2860 /* Localizable.strings */ = {
			isa = PBXVariantGroup;
			children = (
				49A5D58F299C282200AC2860 /* en */,
			);
			name = Localizable.strings;
			sourceTree = "<group>";
		};
/* End PBXVariantGroup section */

/* Begin XCBuildConfiguration section */
		49984E93299AA0600064DD0F /* Debug */ = {
			isa = XCBuildConfiguration;
			buildSettings = {
				ALWAYS_SEARCH_USER_PATHS = NO;
				CLANG_ANALYZER_NONNULL = YES;
				CLANG_ANALYZER_NUMBER_OBJECT_CONVERSION = YES_AGGRESSIVE;
				CLANG_CXX_LANGUAGE_STANDARD = "gnu++20";
				CLANG_ENABLE_MODULES = YES;
				CLANG_ENABLE_OBJC_ARC = YES;
				CLANG_ENABLE_OBJC_WEAK = YES;
				CLANG_WARN_BLOCK_CAPTURE_AUTORELEASING = YES;
				CLANG_WARN_BOOL_CONVERSION = YES;
				CLANG_WARN_COMMA = YES;
				CLANG_WARN_CONSTANT_CONVERSION = YES;
				CLANG_WARN_DEPRECATED_OBJC_IMPLEMENTATIONS = YES;
				CLANG_WARN_DIRECT_OBJC_ISA_USAGE = YES_ERROR;
				CLANG_WARN_DOCUMENTATION_COMMENTS = YES;
				CLANG_WARN_EMPTY_BODY = YES;
				CLANG_WARN_ENUM_CONVERSION = YES;
				CLANG_WARN_INFINITE_RECURSION = YES;
				CLANG_WARN_INT_CONVERSION = YES;
				CLANG_WARN_NON_LITERAL_NULL_CONVERSION = YES;
				CLANG_WARN_OBJC_IMPLICIT_RETAIN_SELF = YES;
				CLANG_WARN_OBJC_LITERAL_CONVERSION = YES;
				CLANG_WARN_OBJC_ROOT_CLASS = YES_ERROR;
				CLANG_WARN_QUOTED_INCLUDE_IN_FRAMEWORK_HEADER = YES;
				CLANG_WARN_RANGE_LOOP_ANALYSIS = YES;
				CLANG_WARN_STRICT_PROTOTYPES = YES;
				CLANG_WARN_SUSPICIOUS_MOVE = YES;
				CLANG_WARN_UNGUARDED_AVAILABILITY = YES_AGGRESSIVE;
				CLANG_WARN_UNREACHABLE_CODE = YES;
				CLANG_WARN__DUPLICATE_METHOD_MATCH = YES;
				COPY_PHASE_STRIP = NO;
				DEBUG_INFORMATION_FORMAT = dwarf;
				ENABLE_STRICT_OBJC_MSGSEND = YES;
				ENABLE_TESTABILITY = YES;
				GCC_C_LANGUAGE_STANDARD = gnu11;
				GCC_DYNAMIC_NO_PIC = NO;
				GCC_NO_COMMON_BLOCKS = YES;
				GCC_OPTIMIZATION_LEVEL = 0;
				GCC_PREPROCESSOR_DEFINITIONS = (
					"DEBUG=1",
					"$(inherited)",
				);
				GCC_WARN_64_TO_32_BIT_CONVERSION = YES;
				GCC_WARN_ABOUT_RETURN_TYPE = YES_ERROR;
				GCC_WARN_UNDECLARED_SELECTOR = YES;
				GCC_WARN_UNINITIALIZED_AUTOS = YES_AGGRESSIVE;
				GCC_WARN_UNUSED_FUNCTION = YES;
				GCC_WARN_UNUSED_VARIABLE = YES;
				IPHONEOS_DEPLOYMENT_TARGET = 16.0;
				MTL_ENABLE_DEBUG_INFO = INCLUDE_SOURCE;
				MTL_FAST_MATH = YES;
				ONLY_ACTIVE_ARCH = YES;
				SDKROOT = iphoneos;
				SWIFT_ACTIVE_COMPILATION_CONDITIONS = DEBUG;
				SWIFT_OPTIMIZATION_LEVEL = "-Onone";
			};
			name = Debug;
		};
		49984E94299AA0600064DD0F /* Release */ = {
			isa = XCBuildConfiguration;
			buildSettings = {
				ALWAYS_SEARCH_USER_PATHS = NO;
				CLANG_ANALYZER_NONNULL = YES;
				CLANG_ANALYZER_NUMBER_OBJECT_CONVERSION = YES_AGGRESSIVE;
				CLANG_CXX_LANGUAGE_STANDARD = "gnu++20";
				CLANG_ENABLE_MODULES = YES;
				CLANG_ENABLE_OBJC_ARC = YES;
				CLANG_ENABLE_OBJC_WEAK = YES;
				CLANG_WARN_BLOCK_CAPTURE_AUTORELEASING = YES;
				CLANG_WARN_BOOL_CONVERSION = YES;
				CLANG_WARN_COMMA = YES;
				CLANG_WARN_CONSTANT_CONVERSION = YES;
				CLANG_WARN_DEPRECATED_OBJC_IMPLEMENTATIONS = YES;
				CLANG_WARN_DIRECT_OBJC_ISA_USAGE = YES_ERROR;
				CLANG_WARN_DOCUMENTATION_COMMENTS = YES;
				CLANG_WARN_EMPTY_BODY = YES;
				CLANG_WARN_ENUM_CONVERSION = YES;
				CLANG_WARN_INFINITE_RECURSION = YES;
				CLANG_WARN_INT_CONVERSION = YES;
				CLANG_WARN_NON_LITERAL_NULL_CONVERSION = YES;
				CLANG_WARN_OBJC_IMPLICIT_RETAIN_SELF = YES;
				CLANG_WARN_OBJC_LITERAL_CONVERSION = YES;
				CLANG_WARN_OBJC_ROOT_CLASS = YES_ERROR;
				CLANG_WARN_QUOTED_INCLUDE_IN_FRAMEWORK_HEADER = YES;
				CLANG_WARN_RANGE_LOOP_ANALYSIS = YES;
				CLANG_WARN_STRICT_PROTOTYPES = YES;
				CLANG_WARN_SUSPICIOUS_MOVE = YES;
				CLANG_WARN_UNGUARDED_AVAILABILITY = YES_AGGRESSIVE;
				CLANG_WARN_UNREACHABLE_CODE = YES;
				CLANG_WARN__DUPLICATE_METHOD_MATCH = YES;
				COPY_PHASE_STRIP = NO;
				DEBUG_INFORMATION_FORMAT = "dwarf-with-dsym";
				ENABLE_NS_ASSERTIONS = NO;
				ENABLE_STRICT_OBJC_MSGSEND = YES;
				GCC_C_LANGUAGE_STANDARD = gnu11;
				GCC_NO_COMMON_BLOCKS = YES;
				GCC_WARN_64_TO_32_BIT_CONVERSION = YES;
				GCC_WARN_ABOUT_RETURN_TYPE = YES_ERROR;
				GCC_WARN_UNDECLARED_SELECTOR = YES;
				GCC_WARN_UNINITIALIZED_AUTOS = YES_AGGRESSIVE;
				GCC_WARN_UNUSED_FUNCTION = YES;
				GCC_WARN_UNUSED_VARIABLE = YES;
				IPHONEOS_DEPLOYMENT_TARGET = 16.0;
				MTL_ENABLE_DEBUG_INFO = NO;
				MTL_FAST_MATH = YES;
				SDKROOT = iphoneos;
				SWIFT_COMPILATION_MODE = wholemodule;
				SWIFT_OPTIMIZATION_LEVEL = "-O";
				VALIDATE_PRODUCT = YES;
			};
			name = Release;
		};
		49984E96299AA0600064DD0F /* Debug */ = {
			isa = XCBuildConfiguration;
			buildSettings = {
				ALWAYS_EMBED_SWIFT_STANDARD_LIBRARIES = YES;
				ASSETCATALOG_COMPILER_APPICON_NAME = AppIcon;
				ASSETCATALOG_COMPILER_GLOBAL_ACCENT_COLOR_NAME = AccentColor;
				CLANG_ENABLE_MODULES = YES;
				CODE_SIGN_STYLE = Automatic;
				CURRENT_PROJECT_VERSION = 1;
				DEFINES_MODULE = YES;
				DEVELOPMENT_TEAM = 2JMR3SJGS4;
				ENABLE_PREVIEWS = YES;
				GENERATE_INFOPLIST_FILE = YES;
				INFOPLIST_KEY_UIApplicationSceneManifest_Generation = YES;
				INFOPLIST_KEY_UIApplicationSupportsIndirectInputEvents = YES;
				INFOPLIST_KEY_UILaunchScreen_Generation = YES;
				INFOPLIST_KEY_UILaunchStoryboardName = "Launch Screen.storyboard";
				INFOPLIST_KEY_UISupportedInterfaceOrientations_iPad = "UIInterfaceOrientationPortrait UIInterfaceOrientationPortraitUpsideDown UIInterfaceOrientationLandscapeLeft UIInterfaceOrientationLandscapeRight";
				INFOPLIST_KEY_UISupportedInterfaceOrientations_iPhone = "UIInterfaceOrientationPortrait UIInterfaceOrientationLandscapeLeft UIInterfaceOrientationLandscapeRight";
				LD_RUNPATH_SEARCH_PATHS = (
					"$(inherited)",
					"@executable_path/Frameworks",
				);
				MARKETING_VERSION = 1.0;
				PRODUCT_BUNDLE_IDENTIFIER = com.JCDev.Pokedex;
				PRODUCT_NAME = "$(TARGET_NAME)";
				SUPPORTED_PLATFORMS = "iphoneos iphonesimulator";
				SUPPORTS_MACCATALYST = NO;
				SUPPORTS_MAC_DESIGNED_FOR_IPHONE_IPAD = NO;
				SWIFT_EMIT_LOC_STRINGS = YES;
				SWIFT_OBJC_BRIDGING_HEADER = "Pokedex/Code/Objective C Bridging/Pokedex-Bridging-Header.h";
				SWIFT_OPTIMIZATION_LEVEL = "-Onone";
				SWIFT_VERSION = 5.0;
				TARGETED_DEVICE_FAMILY = 1;
			};
			name = Debug;
		};
		49984E97299AA0600064DD0F /* Release */ = {
			isa = XCBuildConfiguration;
			buildSettings = {
				ALWAYS_EMBED_SWIFT_STANDARD_LIBRARIES = YES;
				ASSETCATALOG_COMPILER_APPICON_NAME = AppIcon;
				ASSETCATALOG_COMPILER_GLOBAL_ACCENT_COLOR_NAME = AccentColor;
				CLANG_ENABLE_MODULES = YES;
				CODE_SIGN_STYLE = Automatic;
				CURRENT_PROJECT_VERSION = 1;
				DEFINES_MODULE = YES;
				DEVELOPMENT_TEAM = 2JMR3SJGS4;
				ENABLE_PREVIEWS = YES;
				GENERATE_INFOPLIST_FILE = YES;
				INFOPLIST_KEY_UIApplicationSceneManifest_Generation = YES;
				INFOPLIST_KEY_UIApplicationSupportsIndirectInputEvents = YES;
				INFOPLIST_KEY_UILaunchScreen_Generation = YES;
				INFOPLIST_KEY_UILaunchStoryboardName = "Launch Screen.storyboard";
				INFOPLIST_KEY_UISupportedInterfaceOrientations_iPad = "UIInterfaceOrientationPortrait UIInterfaceOrientationPortraitUpsideDown UIInterfaceOrientationLandscapeLeft UIInterfaceOrientationLandscapeRight";
				INFOPLIST_KEY_UISupportedInterfaceOrientations_iPhone = "UIInterfaceOrientationPortrait UIInterfaceOrientationLandscapeLeft UIInterfaceOrientationLandscapeRight";
				LD_RUNPATH_SEARCH_PATHS = (
					"$(inherited)",
					"@executable_path/Frameworks",
				);
				MARKETING_VERSION = 1.0;
				PRODUCT_BUNDLE_IDENTIFIER = com.JCDev.Pokedex;
				PRODUCT_NAME = "$(TARGET_NAME)";
				SUPPORTED_PLATFORMS = "iphoneos iphonesimulator";
				SUPPORTS_MACCATALYST = NO;
				SUPPORTS_MAC_DESIGNED_FOR_IPHONE_IPAD = NO;
				SWIFT_EMIT_LOC_STRINGS = YES;
				SWIFT_OBJC_BRIDGING_HEADER = "Pokedex/Code/Objective C Bridging/Pokedex-Bridging-Header.h";
				SWIFT_VERSION = 5.0;
				TARGETED_DEVICE_FAMILY = 1;
			};
			name = Release;
		};
		49984E99299AA0600064DD0F /* Debug */ = {
			isa = XCBuildConfiguration;
			buildSettings = {
				ALWAYS_EMBED_SWIFT_STANDARD_LIBRARIES = YES;
				BUNDLE_LOADER = "$(TEST_HOST)";
				CODE_SIGN_STYLE = Automatic;
				CURRENT_PROJECT_VERSION = 1;
				DEVELOPMENT_TEAM = 2JMR3SJGS4;
				GENERATE_INFOPLIST_FILE = YES;
				IPHONEOS_DEPLOYMENT_TARGET = 16.0;
				MARKETING_VERSION = 1.0;
				PRODUCT_BUNDLE_IDENTIFIER = com.JCDev.PokedexTests;
				PRODUCT_NAME = "$(TARGET_NAME)";
				SWIFT_EMIT_LOC_STRINGS = NO;
				SWIFT_VERSION = 5.0;
				TARGETED_DEVICE_FAMILY = "1,2";
				TEST_HOST = "$(BUILT_PRODUCTS_DIR)/Pokedex.app/$(BUNDLE_EXECUTABLE_FOLDER_PATH)/Pokedex";
			};
			name = Debug;
		};
		49984E9A299AA0600064DD0F /* Release */ = {
			isa = XCBuildConfiguration;
			buildSettings = {
				ALWAYS_EMBED_SWIFT_STANDARD_LIBRARIES = YES;
				BUNDLE_LOADER = "$(TEST_HOST)";
				CODE_SIGN_STYLE = Automatic;
				CURRENT_PROJECT_VERSION = 1;
				DEVELOPMENT_TEAM = 2JMR3SJGS4;
				GENERATE_INFOPLIST_FILE = YES;
				IPHONEOS_DEPLOYMENT_TARGET = 16.0;
				MARKETING_VERSION = 1.0;
				PRODUCT_BUNDLE_IDENTIFIER = com.JCDev.PokedexTests;
				PRODUCT_NAME = "$(TARGET_NAME)";
				SWIFT_EMIT_LOC_STRINGS = NO;
				SWIFT_VERSION = 5.0;
				TARGETED_DEVICE_FAMILY = "1,2";
				TEST_HOST = "$(BUILT_PRODUCTS_DIR)/Pokedex.app/$(BUNDLE_EXECUTABLE_FOLDER_PATH)/Pokedex";
			};
			name = Release;
		};
		49984E9C299AA0600064DD0F /* Debug */ = {
			isa = XCBuildConfiguration;
			buildSettings = {
				ALWAYS_EMBED_SWIFT_STANDARD_LIBRARIES = YES;
				CODE_SIGN_STYLE = Automatic;
				CURRENT_PROJECT_VERSION = 1;
				DEVELOPMENT_TEAM = 2JMR3SJGS4;
				GENERATE_INFOPLIST_FILE = YES;
				MARKETING_VERSION = 1.0;
				PRODUCT_BUNDLE_IDENTIFIER = com.JCDev.PokedexUITests;
				PRODUCT_NAME = "$(TARGET_NAME)";
				SWIFT_EMIT_LOC_STRINGS = NO;
				SWIFT_VERSION = 5.0;
				TARGETED_DEVICE_FAMILY = "1,2";
				TEST_TARGET_NAME = Pokedex;
			};
			name = Debug;
		};
		49984E9D299AA0600064DD0F /* Release */ = {
			isa = XCBuildConfiguration;
			buildSettings = {
				ALWAYS_EMBED_SWIFT_STANDARD_LIBRARIES = YES;
				CODE_SIGN_STYLE = Automatic;
				CURRENT_PROJECT_VERSION = 1;
				DEVELOPMENT_TEAM = 2JMR3SJGS4;
				GENERATE_INFOPLIST_FILE = YES;
				MARKETING_VERSION = 1.0;
				PRODUCT_BUNDLE_IDENTIFIER = com.JCDev.PokedexUITests;
				PRODUCT_NAME = "$(TARGET_NAME)";
				SWIFT_EMIT_LOC_STRINGS = NO;
				SWIFT_VERSION = 5.0;
				TARGETED_DEVICE_FAMILY = "1,2";
				TEST_TARGET_NAME = Pokedex;
			};
			name = Release;
		};
/* End XCBuildConfiguration section */

/* Begin XCConfigurationList section */
		49984E6C299AA05F0064DD0F /* Build configuration list for PBXProject "Pokedex" */ = {
			isa = XCConfigurationList;
			buildConfigurations = (
				49984E93299AA0600064DD0F /* Debug */,
				49984E94299AA0600064DD0F /* Release */,
			);
			defaultConfigurationIsVisible = 0;
			defaultConfigurationName = Release;
		};
		49984E95299AA0600064DD0F /* Build configuration list for PBXNativeTarget "Pokedex" */ = {
			isa = XCConfigurationList;
			buildConfigurations = (
				49984E96299AA0600064DD0F /* Debug */,
				49984E97299AA0600064DD0F /* Release */,
			);
			defaultConfigurationIsVisible = 0;
			defaultConfigurationName = Release;
		};
		49984E98299AA0600064DD0F /* Build configuration list for PBXNativeTarget "PokedexTests" */ = {
			isa = XCConfigurationList;
			buildConfigurations = (
				49984E99299AA0600064DD0F /* Debug */,
				49984E9A299AA0600064DD0F /* Release */,
			);
			defaultConfigurationIsVisible = 0;
			defaultConfigurationName = Release;
		};
		49984E9B299AA0600064DD0F /* Build configuration list for PBXNativeTarget "PokedexUITests" */ = {
			isa = XCConfigurationList;
			buildConfigurations = (
				49984E9C299AA0600064DD0F /* Debug */,
				49984E9D299AA0600064DD0F /* Release */,
			);
			defaultConfigurationIsVisible = 0;
			defaultConfigurationName = Release;
		};
/* End XCConfigurationList section */

/* Begin XCRemoteSwiftPackageReference section */
		49984EA2299AA4BE0064DD0F /* XCRemoteSwiftPackageReference "apollo-ios" */ = {
			isa = XCRemoteSwiftPackageReference;
			repositoryURL = "https://github.com/apollographql/apollo-ios.git";
			requirement = {
				kind = upToNextMajorVersion;
				minimumVersion = 1.0.0;
			};
		};
		4999DA2F299C62A2002114E2 /* XCRemoteSwiftPackageReference "SwiftUI-Shimmer" */ = {
			isa = XCRemoteSwiftPackageReference;
			repositoryURL = "https://github.com/markiv/SwiftUI-Shimmer";
			requirement = {
				kind = upToNextMajorVersion;
				minimumVersion = 1.0.0;
			};
		};
		4999DA41299D4556002114E2 /* XCRemoteSwiftPackageReference "Sheathed-TextField-SwiftUI" */ = {
			isa = XCRemoteSwiftPackageReference;
			repositoryURL = "https://github.com/jcook03266/Sheathed-TextField-SwiftUI";
			requirement = {
				branch = Master;
				kind = branch;
			};
		};
		49EF2E99299B3AF900194CAF /* XCRemoteSwiftPackageReference "swift-collections" */ = {
			isa = XCRemoteSwiftPackageReference;
			repositoryURL = "https://github.com/apple/swift-collections.git";
			requirement = {
				kind = upToNextMajorVersion;
				minimumVersion = 1.0.0;
			};
		};
/* End XCRemoteSwiftPackageReference section */

/* Begin XCSwiftPackageProductDependency section */
		49984EA3299AA4BE0064DD0F /* Apollo */ = {
			isa = XCSwiftPackageProductDependency;
			package = 49984EA2299AA4BE0064DD0F /* XCRemoteSwiftPackageReference "apollo-ios" */;
			productName = Apollo;
		};
		4999DA30299C62A2002114E2 /* Shimmer */ = {
			isa = XCSwiftPackageProductDependency;
			package = 4999DA2F299C62A2002114E2 /* XCRemoteSwiftPackageReference "SwiftUI-Shimmer" */;
			productName = Shimmer;
		};
		4999DA42299D4556002114E2 /* Sheathed-TextField-SwiftUI */ = {
			isa = XCSwiftPackageProductDependency;
			package = 4999DA41299D4556002114E2 /* XCRemoteSwiftPackageReference "Sheathed-TextField-SwiftUI" */;
			productName = "Sheathed-TextField-SwiftUI";
		};
		49EF2E9A299B3AF900194CAF /* OrderedCollections */ = {
			isa = XCSwiftPackageProductDependency;
			package = 49EF2E99299B3AF900194CAF /* XCRemoteSwiftPackageReference "swift-collections" */;
			productName = OrderedCollections;
		};
/* End XCSwiftPackageProductDependency section */
	};
	rootObject = 49984E69299AA05F0064DD0F /* Project object */;
}
